{
  "version": 4,
  "terraform_version": "1.3.6",
  "serial": 230,
  "lineage": "888ba4e7-2354-59a6-106c-700ac9f61a2d",
  "outputs": {
    "sas_url_query_string": {
      "value": "https://appstorage04012023.blob.core.windows.net/logs?sv=2018-11-09\u0026sr=c\u0026st=2023-01-01\u0026se=2023-03-31\u0026sp=radl\u0026spr=https\u0026sig=V1BlOiHsueQmeUcDTbkIr1RgC3e%2FBjTuEQDCQPF94fk%3D",
      "type": "string"
    }
  },
  "resources": [
    {
      "mode": "data",
      "type": "azurerm_storage_account_blob_container_sas",
      "name": "example",
      "provider": "provider[\"registry.terraform.io/hashicorp/azurerm\"]",
      "instances": [
        {
          "schema_version": 0,
          "attributes": {
            "cache_control": null,
            "connection_string": "DefaultEndpointsProtocol=https;AccountName=appstorage04012023;AccountKey=Ip/P/GUwE045V5im43v+3hNKPpOLwDtBmvD7sXY7J6CqXeF78YXYhBuW0PSwmw8Xhg234DVhGcKD+AStZzAjXA==;EndpointSuffix=core.windows.net",
            "container_name": "logs",
            "content_disposition": null,
            "content_encoding": null,
            "content_language": null,
            "content_type": null,
            "expiry": "2023-03-31",
            "https_only": true,
            "id": "8d976bf31f76e03e27e0c0f92b8a83c36cf9a31318ae4f1a59fc72d1e17ecdee",
            "ip_address": null,
            "permissions": [
              {
                "add": true,
                "create": false,
                "delete": true,
                "list": true,
                "read": true,
                "write": false
              }
            ],
            "sas": "?sv=2018-11-09\u0026sr=c\u0026st=2023-01-01\u0026se=2023-03-31\u0026sp=radl\u0026spr=https\u0026sig=V1BlOiHsueQmeUcDTbkIr1RgC3e%2FBjTuEQDCQPF94fk%3D",
            "start": "2023-01-01",
            "timeouts": null
          },
          "sensitive_attributes": [
            [
              {
                "type": "get_attr",
                "value": "connection_string"
              }
            ]
          ]
        }
      ]
    },
    {
      "mode": "managed",
      "type": "azurerm_mssql_database",
      "name": "test",
      "provider": "provider[\"registry.terraform.io/hashicorp/azurerm\"]",
      "instances": []
    },
    {
      "mode": "managed",
      "type": "azurerm_mssql_firewall_rule",
      "name": "mysql",
      "provider": "provider[\"registry.terraform.io/hashicorp/azurerm\"]",
      "instances": []
    },
    {
      "mode": "managed",
      "type": "azurerm_resource_group",
      "name": "appservice",
      "provider": "provider[\"registry.terraform.io/hashicorp/azurerm\"]",
      "instances": [
        {
          "schema_version": 0,
          "attributes": {
            "id": "/subscriptions/2ab02db9-94eb-45c2-bcf5-ea9cca5b1a54/resourceGroups/appservice",
            "location": "northeurope",
            "name": "appservice",
            "tags": null,
            "timeouts": null
          },
          "sensitive_attributes": [],
          "private": "eyJlMmJmYjczMC1lY2FhLTExZTYtOGY4OC0zNDM2M2JjN2M0YzAiOnsiY3JlYXRlIjo1NDAwMDAwMDAwMDAwLCJkZWxldGUiOjU0MDAwMDAwMDAwMDAsInJlYWQiOjMwMDAwMDAwMDAwMCwidXBkYXRlIjo1NDAwMDAwMDAwMDAwfX0="
        }
      ]
    },
    {
      "mode": "managed",
      "type": "azurerm_service_plan",
      "name": "appservice",
      "provider": "provider[\"registry.terraform.io/hashicorp/azurerm\"]",
      "instances": [
        {
          "schema_version": 0,
          "attributes": {
            "app_service_environment_id": "",
            "id": "/subscriptions/2ab02db9-94eb-45c2-bcf5-ea9cca5b1a54/resourceGroups/appservice/providers/Microsoft.Web/serverfarms/appservice1",
            "kind": "app",
            "location": "northeurope",
            "maximum_elastic_worker_count": 1,
            "name": "appservice1",
            "os_type": "Windows",
            "per_site_scaling_enabled": false,
            "reserved": false,
            "resource_group_name": "appservice",
            "sku_name": "B1",
            "tags": null,
            "timeouts": null,
            "worker_count": 1,
            "zone_balancing_enabled": false
          },
          "sensitive_attributes": [],
          "private": "eyJlMmJmYjczMC1lY2FhLTExZTYtOGY4OC0zNDM2M2JjN2M0YzAiOnsiY3JlYXRlIjozNjAwMDAwMDAwMDAwLCJkZWxldGUiOjM2MDAwMDAwMDAwMDAsInJlYWQiOjMwMDAwMDAwMDAwMCwidXBkYXRlIjozNjAwMDAwMDAwMDAwfX0=",
          "dependencies": [
            "azurerm_resource_group.appservice"
          ]
        }
      ]
    },
    {
      "mode": "managed",
      "type": "azurerm_storage_account",
      "name": "storageacc",
      "provider": "provider[\"registry.terraform.io/hashicorp/azurerm\"]",
      "instances": [
        {
          "schema_version": 3,
          "attributes": {
            "access_tier": "Hot",
            "account_kind": "StorageV2",
            "account_replication_type": "LRS",
            "account_tier": "Standard",
            "allow_nested_items_to_be_public": true,
            "azure_files_authentication": [],
            "blob_properties": [
              {
                "change_feed_enabled": false,
                "change_feed_retention_in_days": 0,
                "container_delete_retention_policy": [],
                "cors_rule": [],
                "default_service_version": "",
                "delete_retention_policy": [],
                "last_access_time_enabled": false,
                "restore_policy": [],
                "versioning_enabled": false
              }
            ],
            "cross_tenant_replication_enabled": true,
            "custom_domain": [],
            "customer_managed_key": [],
            "default_to_oauth_authentication": false,
            "edge_zone": "",
            "enable_https_traffic_only": true,
            "id": "/subscriptions/2ab02db9-94eb-45c2-bcf5-ea9cca5b1a54/resourceGroups/appservice/providers/Microsoft.Storage/storageAccounts/appstorage04012023",
            "identity": [],
            "immutability_policy": [],
            "infrastructure_encryption_enabled": false,
            "is_hns_enabled": false,
            "large_file_share_enabled": null,
            "location": "northeurope",
            "min_tls_version": "TLS1_2",
            "name": "appstorage04012023",
            "network_rules": [
              {
                "bypass": [
                  "AzureServices"
                ],
                "default_action": "Allow",
                "ip_rules": [],
                "private_link_access": [],
                "virtual_network_subnet_ids": []
              }
            ],
            "nfsv3_enabled": false,
            "primary_access_key": "Ip/P/GUwE045V5im43v+3hNKPpOLwDtBmvD7sXY7J6CqXeF78YXYhBuW0PSwmw8Xhg234DVhGcKD+AStZzAjXA==",
            "primary_blob_connection_string": "DefaultEndpointsProtocol=https;BlobEndpoint=https://appstorage04012023.blob.core.windows.net/;AccountName=appstorage04012023;AccountKey=Ip/P/GUwE045V5im43v+3hNKPpOLwDtBmvD7sXY7J6CqXeF78YXYhBuW0PSwmw8Xhg234DVhGcKD+AStZzAjXA==",
            "primary_blob_endpoint": "https://appstorage04012023.blob.core.windows.net/",
            "primary_blob_host": "appstorage04012023.blob.core.windows.net",
            "primary_connection_string": "DefaultEndpointsProtocol=https;AccountName=appstorage04012023;AccountKey=Ip/P/GUwE045V5im43v+3hNKPpOLwDtBmvD7sXY7J6CqXeF78YXYhBuW0PSwmw8Xhg234DVhGcKD+AStZzAjXA==;EndpointSuffix=core.windows.net",
            "primary_dfs_endpoint": "https://appstorage04012023.dfs.core.windows.net/",
            "primary_dfs_host": "appstorage04012023.dfs.core.windows.net",
            "primary_file_endpoint": "https://appstorage04012023.file.core.windows.net/",
            "primary_file_host": "appstorage04012023.file.core.windows.net",
            "primary_location": "northeurope",
            "primary_queue_endpoint": "https://appstorage04012023.queue.core.windows.net/",
            "primary_queue_host": "appstorage04012023.queue.core.windows.net",
            "primary_table_endpoint": "https://appstorage04012023.table.core.windows.net/",
            "primary_table_host": "appstorage04012023.table.core.windows.net",
            "primary_web_endpoint": "https://appstorage04012023.z16.web.core.windows.net/",
            "primary_web_host": "appstorage04012023.z16.web.core.windows.net",
            "public_network_access_enabled": true,
            "queue_encryption_key_type": "Service",
            "queue_properties": [
              {
                "cors_rule": [],
                "hour_metrics": [
                  {
                    "enabled": true,
                    "include_apis": true,
                    "retention_policy_days": 7,
                    "version": "1.0"
                  }
                ],
                "logging": [
                  {
                    "delete": false,
                    "read": false,
                    "retention_policy_days": 0,
                    "version": "1.0",
                    "write": false
                  }
                ],
                "minute_metrics": [
                  {
                    "enabled": false,
                    "include_apis": false,
                    "retention_policy_days": 0,
                    "version": "1.0"
                  }
                ]
              }
            ],
            "resource_group_name": "appservice",
            "routing": [],
            "sas_policy": [],
            "secondary_access_key": "qaKEhcjJt6hHT9K3aUXbwblU5ho8eRfhwA2AmtTbYgqWJa8lcVhZG4vWCRmsWnM5d6TRJuygJa6q+AStUWCRQg==",
            "secondary_blob_connection_string": "",
            "secondary_blob_endpoint": null,
            "secondary_blob_host": null,
            "secondary_connection_string": "DefaultEndpointsProtocol=https;AccountName=appstorage04012023;AccountKey=qaKEhcjJt6hHT9K3aUXbwblU5ho8eRfhwA2AmtTbYgqWJa8lcVhZG4vWCRmsWnM5d6TRJuygJa6q+AStUWCRQg==;EndpointSuffix=core.windows.net",
            "secondary_dfs_endpoint": null,
            "secondary_dfs_host": null,
            "secondary_file_endpoint": null,
            "secondary_file_host": null,
            "secondary_location": "",
            "secondary_queue_endpoint": null,
            "secondary_queue_host": null,
            "secondary_table_endpoint": null,
            "secondary_table_host": null,
            "secondary_web_endpoint": null,
            "secondary_web_host": null,
            "sftp_enabled": false,
            "share_properties": [
              {
                "cors_rule": [],
                "retention_policy": [
                  {
                    "days": 7
                  }
                ],
                "smb": []
              }
            ],
            "shared_access_key_enabled": true,
            "static_website": [],
            "table_encryption_key_type": "Service",
            "tags": null,
            "timeouts": null
          },
          "sensitive_attributes": [],
          "private": "eyJlMmJmYjczMC1lY2FhLTExZTYtOGY4OC0zNDM2M2JjN2M0YzAiOnsiY3JlYXRlIjozNjAwMDAwMDAwMDAwLCJkZWxldGUiOjM2MDAwMDAwMDAwMDAsInJlYWQiOjMwMDAwMDAwMDAwMCwidXBkYXRlIjozNjAwMDAwMDAwMDAwfSwic2NoZW1hX3ZlcnNpb24iOiIzIn0=",
          "dependencies": [
            "azurerm_resource_group.appservice"
          ]
        }
      ]
    },
    {
      "mode": "managed",
      "type": "azurerm_storage_container",
      "name": "logs",
      "provider": "provider[\"registry.terraform.io/hashicorp/azurerm\"]",
      "instances": [
        {
          "schema_version": 1,
          "attributes": {
            "container_access_type": "private",
            "has_immutability_policy": false,
            "has_legal_hold": false,
            "id": "https://appstorage04012023.blob.core.windows.net/logs",
            "metadata": {},
            "name": "logs",
            "resource_manager_id": "/subscriptions/2ab02db9-94eb-45c2-bcf5-ea9cca5b1a54/resourceGroups/appservice/providers/Microsoft.Storage/storageAccounts/appstorage04012023/blobServices/default/containers/logs",
            "storage_account_name": "appstorage04012023",
            "timeouts": null
          },
          "sensitive_attributes": [],
          "private": "eyJlMmJmYjczMC1lY2FhLTExZTYtOGY4OC0zNDM2M2JjN2M0YzAiOnsiY3JlYXRlIjoxODAwMDAwMDAwMDAwLCJkZWxldGUiOjE4MDAwMDAwMDAwMDAsInJlYWQiOjMwMDAwMDAwMDAwMCwidXBkYXRlIjoxODAwMDAwMDAwMDAwfSwic2NoZW1hX3ZlcnNpb24iOiIxIn0=",
          "dependencies": [
            "azurerm_resource_group.appservice",
            "azurerm_storage_account.storageacc"
          ]
        }
      ]
    },
    {
      "mode": "managed",
      "type": "azurerm_windows_web_app",
      "name": "windows",
      "provider": "provider[\"registry.terraform.io/hashicorp/azurerm\"]",
      "instances": [
        {
          "schema_version": 0,
          "attributes": {
            "app_settings": {
              "WEBSITE_LOAD_CERTIFICATE": "*",
              "WEBSITE_TIME_ZONE": "Indian Standard Time"
            },
            "auth_settings": [
              {
                "active_directory": [],
                "additional_login_parameters": null,
                "allowed_external_redirect_urls": [],
                "default_provider": "MicrosoftAccount",
                "enabled": true,
                "facebook": [],
                "github": [],
                "google": [],
                "issuer": "",
                "microsoft": [
                  {
                    "client_id": "edfshvas-35ar-3672-7612-ertdbvsvnajs",
                    "client_secret": "",
                    "client_secret_setting_name": "abc",
                    "oauth_scopes": null
                  }
                ],
                "runtime_version": "",
                "token_refresh_extension_hours": 72,
                "token_store_enabled": true,
                "twitter": [],
                "unauthenticated_client_action": "RedirectToLoginPage"
              }
            ],
            "backup": [],
            "client_affinity_enabled": false,
            "client_certificate_enabled": false,
            "client_certificate_exclusion_paths": "",
            "client_certificate_mode": "Required",
            "connection_string": [],
            "custom_domain_verification_id": "EE35E2AFB95F6B8596E14365FE8B935C2DBF8C80D1DEA8E84FED843EB0E7694F",
            "default_hostname": "windows-plan.azurewebsites.net",
            "enabled": true,
            "https_only": false,
            "id": "/subscriptions/2ab02db9-94eb-45c2-bcf5-ea9cca5b1a54/resourceGroups/appservice/providers/Microsoft.Web/sites/windows-plan",
            "identity": [],
            "key_vault_reference_identity_id": "SystemAssigned",
            "kind": "app",
            "location": "northeurope",
            "logs": [],
            "name": "windows-plan",
            "outbound_ip_address_list": [
              "20.67.168.247",
              "20.67.169.146",
              "20.67.169.223",
              "20.67.170.0",
              "20.67.170.202",
              "20.67.170.220",
              "20.107.224.17"
            ],
            "outbound_ip_addresses": "20.67.168.247,20.67.169.146,20.67.169.223,20.67.170.0,20.67.170.202,20.67.170.220,20.107.224.17",
            "possible_outbound_ip_address_list": [
              "20.67.168.247",
              "20.67.169.146",
              "20.67.169.223",
              "20.67.170.0",
              "20.67.170.202",
              "20.67.170.220",
              "20.67.171.99",
              "20.67.171.129",
              "20.67.172.9",
              "20.67.172.91",
              "20.67.172.243",
              "20.67.173.5",
              "20.67.173.29",
              "20.67.173.31",
              "20.67.173.176",
              "20.67.174.57",
              "20.67.174.66",
              "20.67.174.208",
              "20.67.174.221",
              "20.67.174.223",
              "20.67.174.227",
              "20.67.174.238",
              "20.67.173.18",
              "20.67.175.27",
              "20.67.175.30",
              "20.67.175.41",
              "20.67.175.50",
              "20.67.175.65",
              "20.67.175.89",
              "20.67.175.91",
              "20.107.224.17"
            ],
            "possible_outbound_ip_addresses": "20.67.168.247,20.67.169.146,20.67.169.223,20.67.170.0,20.67.170.202,20.67.170.220,20.67.171.99,20.67.171.129,20.67.172.9,20.67.172.91,20.67.172.243,20.67.173.5,20.67.173.29,20.67.173.31,20.67.173.176,20.67.174.57,20.67.174.66,20.67.174.208,20.67.174.221,20.67.174.223,20.67.174.227,20.67.174.238,20.67.173.18,20.67.175.27,20.67.175.30,20.67.175.41,20.67.175.50,20.67.175.65,20.67.175.89,20.67.175.91,20.107.224.17",
            "resource_group_name": "appservice",
            "service_plan_id": "/subscriptions/2ab02db9-94eb-45c2-bcf5-ea9cca5b1a54/resourceGroups/appservice/providers/Microsoft.Web/serverfarms/appservice1",
            "site_config": [
              {
                "always_on": true,
                "api_definition_url": "",
                "api_management_api_id": "",
                "app_command_line": "",
                "application_stack": [
                  {
                    "current_stack": "dotnet",
                    "docker_container_name": "",
                    "docker_container_registry": "",
                    "docker_container_tag": "",
                    "dotnet_version": "v7.0",
                    "java_container": "",
                    "java_container_version": "",
                    "java_version": "",
                    "node_version": "",
                    "php_version": "",
                    "python_version": ""
                  }
                ],
                "auto_heal_enabled": false,
                "auto_heal_setting": [],
                "container_registry_managed_identity_client_id": "",
                "container_registry_use_managed_identity": false,
                "cors": [],
                "default_documents": [
                  "Default.htm",
                  "Default.html",
                  "Default.asp",
                  "index.htm",
                  "index.html",
                  "iisstart.htm",
                  "default.aspx",
                  "index.php",
                  "hostingstart.html"
                ],
                "detailed_error_logging_enabled": false,
                "ftps_state": "FtpsOnly",
                "health_check_eviction_time_in_min": 0,
                "health_check_path": "",
                "http2_enabled": true,
                "ip_restriction": [],
                "linux_fx_version": "",
                "load_balancing_mode": "LeastRequests",
                "local_mysql_enabled": false,
                "managed_pipeline_mode": "Integrated",
                "minimum_tls_version": "1.2",
                "remote_debugging_enabled": false,
                "remote_debugging_version": "VS2019",
                "scm_ip_restriction": [],
                "scm_minimum_tls_version": "1.2",
                "scm_type": "None",
                "scm_use_main_ip_restriction": false,
                "use_32_bit_worker": true,
                "virtual_application": [],
                "vnet_route_all_enabled": false,
                "websockets_enabled": false,
                "windows_fx_version": "",
                "worker_count": 1
              }
            ],
            "site_credential": [
              {
                "name": "$windows-plan",
                "password": "ndbH7clWrpyYD4pq5lXxxkzMfv056Ytd2p9m4sH9NugjNNevG2hlqE1Mzj8E"
              }
            ],
            "sticky_settings": [],
            "storage_account": [],
            "tags": null,
            "timeouts": null,
            "virtual_network_subnet_id": "",
            "zip_deploy_file": ""
          },
          "sensitive_attributes": [],
          "private": "eyJlMmJmYjczMC1lY2FhLTExZTYtOGY4OC0zNDM2M2JjN2M0YzAiOnsiY3JlYXRlIjoxODAwMDAwMDAwMDAwLCJkZWxldGUiOjE4MDAwMDAwMDAwMDAsInJlYWQiOjMwMDAwMDAwMDAwMCwidXBkYXRlIjoxODAwMDAwMDAwMDAwfX0=",
          "dependencies": [
            "azurerm_resource_group.appservice",
            "azurerm_service_plan.appservice"
          ]
        }
      ]
    }
  ],
  "check_results": null
}
