{
  "version": 4,
  "terraform_version": "1.3.6",
  "serial": 105,
  "lineage": "74bfe9d4-e9ab-0a59-faae-4a0de1a07365",
  "outputs": {},
  "resources": [
    {
      "mode": "managed",
      "type": "azurerm_linux_virtual_machine",
      "name": "new_vm",
      "provider": "provider[\"registry.terraform.io/hashicorp/azurerm\"]",
      "instances": []
    },
    {
      "mode": "managed",
      "type": "azurerm_network_security_group",
      "name": "subnetA",
      "provider": "provider[\"registry.terraform.io/hashicorp/azurerm\"]",
      "instances": [
        {
          "schema_version": 0,
          "attributes": {
            "id": "/subscriptions/2ab02db9-94eb-45c2-bcf5-ea9cca5b1a54/resourceGroups/rg_terraform/providers/Microsoft.Network/networkSecurityGroups/nsg1",
            "location": "centralindia",
            "name": "nsg1",
            "resource_group_name": "rg_terraform",
            "security_rule": [
              {
                "access": "Allow",
                "description": "",
                "destination_address_prefix": "*",
                "destination_address_prefixes": [],
                "destination_application_security_group_ids": [],
                "destination_port_range": "22",
                "destination_port_ranges": [],
                "direction": "Inbound",
                "name": "AllowSSH",
                "priority": 100,
                "protocol": "Tcp",
                "source_address_prefix": "*",
                "source_address_prefixes": [],
                "source_application_security_group_ids": [],
                "source_port_range": "*",
                "source_port_ranges": []
              }
            ],
            "tags": {},
            "timeouts": null
          },
          "sensitive_attributes": [],
          "private": "eyJlMmJmYjczMC1lY2FhLTExZTYtOGY4OC0zNDM2M2JjN2M0YzAiOnsiY3JlYXRlIjoxODAwMDAwMDAwMDAwLCJkZWxldGUiOjE4MDAwMDAwMDAwMDAsInJlYWQiOjMwMDAwMDAwMDAwMCwidXBkYXRlIjoxODAwMDAwMDAwMDAwfX0=",
          "dependencies": [
            "azurerm_resource_group.main",
            "azurerm_subnet.subnetA",
            "azurerm_virtual_network.main"
          ]
        }
      ]
    },
    {
      "mode": "managed",
      "type": "azurerm_public_ip",
      "name": "publicip",
      "provider": "provider[\"registry.terraform.io/hashicorp/azurerm\"]",
      "instances": [
        {
          "schema_version": 0,
          "attributes": {
            "allocation_method": "Static",
            "ddos_protection_mode": "VirtualNetworkInherited",
            "ddos_protection_plan_id": null,
            "domain_name_label": null,
            "edge_zone": "",
            "fqdn": null,
            "id": "/subscriptions/2ab02db9-94eb-45c2-bcf5-ea9cca5b1a54/resourceGroups/rg_terraform/providers/Microsoft.Network/publicIPAddresses/pubip",
            "idle_timeout_in_minutes": 4,
            "ip_address": "4.240.48.248",
            "ip_tags": {},
            "ip_version": "IPv4",
            "location": "centralindia",
            "name": "pubip",
            "public_ip_prefix_id": null,
            "resource_group_name": "rg_terraform",
            "reverse_fqdn": null,
            "sku": "Basic",
            "sku_tier": "Regional",
            "tags": {},
            "timeouts": null,
            "zones": []
          },
          "sensitive_attributes": [],
          "private": "eyJlMmJmYjczMC1lY2FhLTExZTYtOGY4OC0zNDM2M2JjN2M0YzAiOnsiY3JlYXRlIjoxODAwMDAwMDAwMDAwLCJkZWxldGUiOjE4MDAwMDAwMDAwMDAsInJlYWQiOjMwMDAwMDAwMDAwMCwidXBkYXRlIjoxODAwMDAwMDAwMDAwfX0=",
          "dependencies": [
            "azurerm_resource_group.main"
          ]
        }
      ]
    },
    {
      "mode": "managed",
      "type": "azurerm_resource_group",
      "name": "main",
      "provider": "provider[\"registry.terraform.io/hashicorp/azurerm\"]",
      "instances": [
        {
          "schema_version": 0,
          "attributes": {
            "id": "/subscriptions/2ab02db9-94eb-45c2-bcf5-ea9cca5b1a54/resourceGroups/rg_terraform",
            "location": "centralindia",
            "name": "rg_terraform",
            "tags": {
              "Env": "Terraform_automate"
            },
            "timeouts": null
          },
          "sensitive_attributes": [],
          "private": "eyJlMmJmYjczMC1lY2FhLTExZTYtOGY4OC0zNDM2M2JjN2M0YzAiOnsiY3JlYXRlIjo1NDAwMDAwMDAwMDAwLCJkZWxldGUiOjU0MDAwMDAwMDAwMDAsInJlYWQiOjMwMDAwMDAwMDAwMCwidXBkYXRlIjo1NDAwMDAwMDAwMDAwfX0="
        }
      ]
    },
    {
      "mode": "managed",
      "type": "azurerm_storage_account",
      "name": "stor-acc",
      "provider": "provider[\"registry.terraform.io/hashicorp/azurerm\"]",
      "instances": [
        {
          "schema_version": 3,
          "attributes": {
            "access_tier": "Hot",
            "account_kind": "StorageV2",
            "account_replication_type": "LRS",
            "account_tier": "Standard",
            "allow_nested_items_to_be_public": true,
            "azure_files_authentication": [],
            "blob_properties": [
              {
                "change_feed_enabled": false,
                "change_feed_retention_in_days": 0,
                "container_delete_retention_policy": [],
                "cors_rule": [],
                "default_service_version": "",
                "delete_retention_policy": [],
                "last_access_time_enabled": false,
                "restore_policy": [],
                "versioning_enabled": false
              }
            ],
            "cross_tenant_replication_enabled": true,
            "custom_domain": [],
            "customer_managed_key": [],
            "default_to_oauth_authentication": false,
            "edge_zone": "",
            "enable_https_traffic_only": true,
            "id": "/subscriptions/2ab02db9-94eb-45c2-bcf5-ea9cca5b1a54/resourceGroups/rg_terraform/providers/Microsoft.Storage/storageAccounts/terraforst",
            "identity": [],
            "immutability_policy": [],
            "infrastructure_encryption_enabled": false,
            "is_hns_enabled": false,
            "large_file_share_enabled": null,
            "location": "centralindia",
            "min_tls_version": "TLS1_2",
            "name": "terraforst",
            "network_rules": [
              {
                "bypass": [
                  "AzureServices"
                ],
                "default_action": "Allow",
                "ip_rules": [],
                "private_link_access": [],
                "virtual_network_subnet_ids": []
              }
            ],
            "nfsv3_enabled": false,
            "primary_access_key": "GhZk4ic4Yt0jCSDcc7xO6PekiJrmr6v9KW1alxanjpoHWT1aXojmCtHCKOYlp/ZZy42YkwS+fC/P+ASt1rdIxg==",
            "primary_blob_connection_string": "DefaultEndpointsProtocol=https;BlobEndpoint=https://terraforst.blob.core.windows.net/;AccountName=terraforst;AccountKey=GhZk4ic4Yt0jCSDcc7xO6PekiJrmr6v9KW1alxanjpoHWT1aXojmCtHCKOYlp/ZZy42YkwS+fC/P+ASt1rdIxg==",
            "primary_blob_endpoint": "https://terraforst.blob.core.windows.net/",
            "primary_blob_host": "terraforst.blob.core.windows.net",
            "primary_connection_string": "DefaultEndpointsProtocol=https;AccountName=terraforst;AccountKey=GhZk4ic4Yt0jCSDcc7xO6PekiJrmr6v9KW1alxanjpoHWT1aXojmCtHCKOYlp/ZZy42YkwS+fC/P+ASt1rdIxg==;EndpointSuffix=core.windows.net",
            "primary_dfs_endpoint": "https://terraforst.dfs.core.windows.net/",
            "primary_dfs_host": "terraforst.dfs.core.windows.net",
            "primary_file_endpoint": "https://terraforst.file.core.windows.net/",
            "primary_file_host": "terraforst.file.core.windows.net",
            "primary_location": "centralindia",
            "primary_queue_endpoint": "https://terraforst.queue.core.windows.net/",
            "primary_queue_host": "terraforst.queue.core.windows.net",
            "primary_table_endpoint": "https://terraforst.table.core.windows.net/",
            "primary_table_host": "terraforst.table.core.windows.net",
            "primary_web_endpoint": "https://terraforst.z29.web.core.windows.net/",
            "primary_web_host": "terraforst.z29.web.core.windows.net",
            "public_network_access_enabled": true,
            "queue_encryption_key_type": "Service",
            "queue_properties": [
              {
                "cors_rule": [],
                "hour_metrics": [
                  {
                    "enabled": true,
                    "include_apis": true,
                    "retention_policy_days": 7,
                    "version": "1.0"
                  }
                ],
                "logging": [
                  {
                    "delete": false,
                    "read": false,
                    "retention_policy_days": 0,
                    "version": "1.0",
                    "write": false
                  }
                ],
                "minute_metrics": [
                  {
                    "enabled": false,
                    "include_apis": false,
                    "retention_policy_days": 0,
                    "version": "1.0"
                  }
                ]
              }
            ],
            "resource_group_name": "rg_terraform",
            "routing": [],
            "sas_policy": [],
            "secondary_access_key": "WUZthxYRy2In22DgEqarlrjaEoeBzN6l4WO5hKwYK8yClW7Yf5HViUd8ozaKcnn4eMIxRg2lPyMO+AStAwEXAw==",
            "secondary_blob_connection_string": "",
            "secondary_blob_endpoint": null,
            "secondary_blob_host": null,
            "secondary_connection_string": "DefaultEndpointsProtocol=https;AccountName=terraforst;AccountKey=WUZthxYRy2In22DgEqarlrjaEoeBzN6l4WO5hKwYK8yClW7Yf5HViUd8ozaKcnn4eMIxRg2lPyMO+AStAwEXAw==;EndpointSuffix=core.windows.net",
            "secondary_dfs_endpoint": null,
            "secondary_dfs_host": null,
            "secondary_file_endpoint": null,
            "secondary_file_host": null,
            "secondary_location": "",
            "secondary_queue_endpoint": null,
            "secondary_queue_host": null,
            "secondary_table_endpoint": null,
            "secondary_table_host": null,
            "secondary_web_endpoint": null,
            "secondary_web_host": null,
            "sftp_enabled": false,
            "share_properties": [
              {
                "cors_rule": [],
                "retention_policy": [
                  {
                    "days": 7
                  }
                ],
                "smb": []
              }
            ],
            "shared_access_key_enabled": true,
            "static_website": [],
            "table_encryption_key_type": "Service",
            "tags": {},
            "timeouts": null
          },
          "sensitive_attributes": [],
          "private": "eyJlMmJmYjczMC1lY2FhLTExZTYtOGY4OC0zNDM2M2JjN2M0YzAiOnsiY3JlYXRlIjozNjAwMDAwMDAwMDAwLCJkZWxldGUiOjM2MDAwMDAwMDAwMDAsInJlYWQiOjMwMDAwMDAwMDAwMCwidXBkYXRlIjozNjAwMDAwMDAwMDAwfSwic2NoZW1hX3ZlcnNpb24iOiIzIn0=",
          "dependencies": [
            "azurerm_resource_group.main"
          ]
        }
      ]
    },
    {
      "mode": "managed",
      "type": "azurerm_storage_blob",
      "name": "blob",
      "provider": "provider[\"registry.terraform.io/hashicorp/azurerm\"]",
      "instances": [
        {
          "schema_version": 1,
          "attributes": {
            "access_tier": "Hot",
            "cache_control": "",
            "content_md5": "",
            "content_type": "application/octet-stream",
            "id": "https://terraforst.blob.core.windows.net/data/maintf",
            "metadata": {},
            "name": "maintf",
            "parallelism": 8,
            "size": 0,
            "source": "main.tf",
            "source_content": null,
            "source_uri": null,
            "storage_account_name": "terraforst",
            "storage_container_name": "data",
            "timeouts": null,
            "type": "Block",
            "url": "https://terraforst.blob.core.windows.net/data/maintf"
          },
          "sensitive_attributes": [],
          "private": "eyJlMmJmYjczMC1lY2FhLTExZTYtOGY4OC0zNDM2M2JjN2M0YzAiOnsiY3JlYXRlIjoxODAwMDAwMDAwMDAwLCJkZWxldGUiOjE4MDAwMDAwMDAwMDAsInJlYWQiOjMwMDAwMDAwMDAwMCwidXBkYXRlIjoxODAwMDAwMDAwMDAwfSwic2NoZW1hX3ZlcnNpb24iOiIxIn0=",
          "dependencies": [
            "azurerm_resource_group.main",
            "azurerm_storage_account.stor-acc",
            "azurerm_storage_container.container1"
          ]
        }
      ]
    },
    {
      "mode": "managed",
      "type": "azurerm_storage_container",
      "name": "container1",
      "provider": "provider[\"registry.terraform.io/hashicorp/azurerm\"]",
      "instances": [
        {
          "schema_version": 1,
          "attributes": {
            "container_access_type": "blob",
            "has_immutability_policy": false,
            "has_legal_hold": false,
            "id": "https://terraforst.blob.core.windows.net/data",
            "metadata": {},
            "name": "data",
            "resource_manager_id": "/subscriptions/2ab02db9-94eb-45c2-bcf5-ea9cca5b1a54/resourceGroups/rg_terraform/providers/Microsoft.Storage/storageAccounts/terraforst/blobServices/default/containers/data",
            "storage_account_name": "terraforst",
            "timeouts": null
          },
          "sensitive_attributes": [],
          "private": "eyJlMmJmYjczMC1lY2FhLTExZTYtOGY4OC0zNDM2M2JjN2M0YzAiOnsiY3JlYXRlIjoxODAwMDAwMDAwMDAwLCJkZWxldGUiOjE4MDAwMDAwMDAwMDAsInJlYWQiOjMwMDAwMDAwMDAwMCwidXBkYXRlIjoxODAwMDAwMDAwMDAwfSwic2NoZW1hX3ZlcnNpb24iOiIxIn0=",
          "dependencies": [
            "azurerm_resource_group.main",
            "azurerm_storage_account.stor-acc"
          ]
        }
      ]
    },
    {
      "mode": "managed",
      "type": "azurerm_subnet",
      "name": "subnetA",
      "provider": "provider[\"registry.terraform.io/hashicorp/azurerm\"]",
      "instances": [
        {
          "schema_version": 0,
          "attributes": {
            "address_prefixes": [
              "10.1.1.0/24"
            ],
            "delegation": [],
            "enforce_private_link_endpoint_network_policies": false,
            "enforce_private_link_service_network_policies": false,
            "id": "/subscriptions/2ab02db9-94eb-45c2-bcf5-ea9cca5b1a54/resourceGroups/rg_terraform/providers/Microsoft.Network/virtualNetworks/vn_under_rg_terraform/subnets/subnet_vn_under_rg_terraform",
            "name": "subnet_vn_under_rg_terraform",
            "private_endpoint_network_policies_enabled": true,
            "private_link_service_network_policies_enabled": true,
            "resource_group_name": "rg_terraform",
            "service_endpoint_policy_ids": [],
            "service_endpoints": [],
            "timeouts": null,
            "virtual_network_name": "vn_under_rg_terraform"
          },
          "sensitive_attributes": [],
          "private": "eyJlMmJmYjczMC1lY2FhLTExZTYtOGY4OC0zNDM2M2JjN2M0YzAiOnsiY3JlYXRlIjoxODAwMDAwMDAwMDAwLCJkZWxldGUiOjE4MDAwMDAwMDAwMDAsInJlYWQiOjMwMDAwMDAwMDAwMCwidXBkYXRlIjoxODAwMDAwMDAwMDAwfX0=",
          "dependencies": [
            "azurerm_resource_group.main",
            "azurerm_virtual_network.main"
          ]
        }
      ]
    },
    {
      "mode": "managed",
      "type": "azurerm_subnet",
      "name": "subnetB",
      "provider": "provider[\"registry.terraform.io/hashicorp/azurerm\"]",
      "instances": [
        {
          "schema_version": 0,
          "attributes": {
            "address_prefixes": [
              "10.1.10.0/24"
            ],
            "delegation": [],
            "enforce_private_link_endpoint_network_policies": false,
            "enforce_private_link_service_network_policies": false,
            "id": "/subscriptions/2ab02db9-94eb-45c2-bcf5-ea9cca5b1a54/resourceGroups/rg_terraform/providers/Microsoft.Network/virtualNetworks/vn_under_rg_terraform/subnets/subnet_vn_under_rg_terraform",
            "name": "subnet_vn_under_rg_terraform",
            "private_endpoint_network_policies_enabled": true,
            "private_link_service_network_policies_enabled": true,
            "resource_group_name": "rg_terraform",
            "service_endpoint_policy_ids": [],
            "service_endpoints": [],
            "timeouts": null,
            "virtual_network_name": "vn_under_rg_terraform"
          },
          "sensitive_attributes": [],
          "private": "eyJlMmJmYjczMC1lY2FhLTExZTYtOGY4OC0zNDM2M2JjN2M0YzAiOnsiY3JlYXRlIjoxODAwMDAwMDAwMDAwLCJkZWxldGUiOjE4MDAwMDAwMDAwMDAsInJlYWQiOjMwMDAwMDAwMDAwMCwidXBkYXRlIjoxODAwMDAwMDAwMDAwfX0=",
          "dependencies": [
            "azurerm_resource_group.main",
            "azurerm_virtual_network.main"
          ]
        }
      ]
    },
    {
      "mode": "managed",
      "type": "azurerm_subnet_network_security_group_association",
      "name": "subnetA",
      "provider": "provider[\"registry.terraform.io/hashicorp/azurerm\"]",
      "instances": [
        {
          "schema_version": 0,
          "attributes": {
            "id": "/subscriptions/2ab02db9-94eb-45c2-bcf5-ea9cca5b1a54/resourceGroups/rg_terraform/providers/Microsoft.Network/virtualNetworks/vn_under_rg_terraform/subnets/subnet_vn_under_rg_terraform",
            "network_security_group_id": "/subscriptions/2ab02db9-94eb-45c2-bcf5-ea9cca5b1a54/resourceGroups/rg_terraform/providers/Microsoft.Network/networkSecurityGroups/nsg1",
            "subnet_id": "/subscriptions/2ab02db9-94eb-45c2-bcf5-ea9cca5b1a54/resourceGroups/rg_terraform/providers/Microsoft.Network/virtualNetworks/vn_under_rg_terraform/subnets/subnet_vn_under_rg_terraform",
            "timeouts": null
          },
          "sensitive_attributes": [],
          "private": "eyJlMmJmYjczMC1lY2FhLTExZTYtOGY4OC0zNDM2M2JjN2M0YzAiOnsiY3JlYXRlIjoxODAwMDAwMDAwMDAwLCJkZWxldGUiOjE4MDAwMDAwMDAwMDAsInJlYWQiOjMwMDAwMDAwMDAwMCwidXBkYXRlIjoxODAwMDAwMDAwMDAwfX0=",
          "dependencies": [
            "azurerm_network_security_group.subnetA",
            "azurerm_resource_group.main",
            "azurerm_subnet.subnetA",
            "azurerm_virtual_network.main"
          ]
        }
      ]
    },
    {
      "mode": "managed",
      "type": "azurerm_virtual_network",
      "name": "main",
      "provider": "provider[\"registry.terraform.io/hashicorp/azurerm\"]",
      "instances": [
        {
          "schema_version": 0,
          "attributes": {
            "address_space": [
              "10.1.0.0/16"
            ],
            "bgp_community": "",
            "ddos_protection_plan": [],
            "dns_servers": [],
            "edge_zone": "",
            "flow_timeout_in_minutes": 0,
            "guid": "267d6dec-bad1-4a55-ab89-70ac1087d490",
            "id": "/subscriptions/2ab02db9-94eb-45c2-bcf5-ea9cca5b1a54/resourceGroups/rg_terraform/providers/Microsoft.Network/virtualNetworks/vn_under_rg_terraform",
            "location": "centralindia",
            "name": "vn_under_rg_terraform",
            "resource_group_name": "rg_terraform",
            "subnet": [
              {
                "address_prefix": "10.1.10.0/24",
                "id": "/subscriptions/2ab02db9-94eb-45c2-bcf5-ea9cca5b1a54/resourceGroups/rg_terraform/providers/Microsoft.Network/virtualNetworks/vn_under_rg_terraform/subnets/subnet_vn_under_rg_terraform",
                "name": "subnet_vn_under_rg_terraform",
                "security_group": "/subscriptions/2ab02db9-94eb-45c2-bcf5-ea9cca5b1a54/resourceGroups/rg_terraform/providers/Microsoft.Network/networkSecurityGroups/nsg1"
              }
            ],
            "tags": {
              "Env": "Terraform_automate"
            },
            "timeouts": null
          },
          "sensitive_attributes": [],
          "private": "eyJlMmJmYjczMC1lY2FhLTExZTYtOGY4OC0zNDM2M2JjN2M0YzAiOnsiY3JlYXRlIjoxODAwMDAwMDAwMDAwLCJkZWxldGUiOjE4MDAwMDAwMDAwMDAsInJlYWQiOjMwMDAwMDAwMDAwMCwidXBkYXRlIjoxODAwMDAwMDAwMDAwfX0=",
          "dependencies": [
            "azurerm_resource_group.main"
          ]
        }
      ]
    }
  ],
  "check_results": null
}
