{
  "version": 4,
  "terraform_version": "1.3.6",
  "serial": 55,
  "lineage": "0cb4484a-2b71-92f4-ed76-035bfb5f291e",
  "outputs": {
    "virtual_machine_name": {
      "value": "/subscriptions/2ab02db9-94eb-45c2-bcf5-ea9cca5b1a54/resourceGroups/rg_terraform/providers/Microsoft.Compute/virtualMachines/terraform-in",
      "type": "string"
    }
  },
  "resources": [
    {
      "mode": "managed",
      "type": "azurerm_linux_virtual_machine",
      "name": "new_vm",
      "provider": "provider[\"registry.terraform.io/hashicorp/azurerm\"]",
      "instances": [
        {
          "schema_version": 0,
          "attributes": {
            "additional_capabilities": [],
            "admin_password": null,
            "admin_ssh_key": [
              {
                "public_key": "ssh-rsa AAAAB3NzaC1yc2EAAAADAQABAAACAQDUZ+9hrp4XHKyCW4JfKhaD1Ch7nuw7l2qPnAVeEiNbPKH18JLnb/bZ+TS6r2UIM405MZpPJ+YzcU9OykLgMqgGKM3hRQ8cjjunPnJOmstyM2XuQT3tnhKwLallA2yKDdgOSstGb35+C1oguy8oVA+fOABt0UjvLuGbqGASKhaiQFvCHg73QD047M9VueokmpL6dfnBkGia0SK062NuASLTs4KSO/aKIbGFMGxJb/Nz1D41KezxBnnrW3G5c15qn6TTeJIFwGefWINkBlebsyF/aAlar4KRGu0OrEWy+0VWp91+RFYzH6OJcDms2TcumqivFIynK8jIjIT6omD9mIwKDhNprCATN69z1sQ2YhgUWZ5hozX95BbYWk0D/IRuhBFSdfcgPnjip/JV9ew/HKyVdMAH4QSkXRtlTgKTWz3cg309vhJajSI7Y9bhLYa71jl3IyAlpsPzY0HNpcedLtM9hJ+av8lozvHJLiiHLznXI+BgE9//5bLFp8O+9/ZNTk0DKQbm36eunYl5CHoW9N0NKz7XDo0OCsEapm85dBc8kQ5WgVJ17JH3BbTB9PxPS9K5aIhp8k5Y34TOd/dEwH0z3emNvqQscaXcFbRHhqtaWAQxHdPh+5zo984yhK1Sv/ZBQc9AjgWKrWAKNFyYTiMoyqaH/V/OdK3cWkmzmWlC/Q==\n",
                "username": "abhishek"
              }
            ],
            "admin_username": "abhishek",
            "allow_extension_operations": true,
            "availability_set_id": "",
            "boot_diagnostics": [],
            "capacity_reservation_group_id": "",
            "computer_name": "terraform-in",
            "custom_data": null,
            "dedicated_host_group_id": "",
            "dedicated_host_id": "",
            "disable_password_authentication": true,
            "edge_zone": "",
            "encryption_at_host_enabled": false,
            "eviction_policy": "",
            "extensions_time_budget": "PT1H30M",
            "gallery_application": [],
            "id": "/subscriptions/2ab02db9-94eb-45c2-bcf5-ea9cca5b1a54/resourceGroups/rg_terraform/providers/Microsoft.Compute/virtualMachines/terraform-in",
            "identity": [],
            "license_type": "",
            "location": "centralindia",
            "max_bid_price": -1,
            "name": "terraform-in",
            "network_interface_ids": [
              "/subscriptions/2ab02db9-94eb-45c2-bcf5-ea9cca5b1a54/resourceGroups/rg_terraform/providers/Microsoft.Network/networkInterfaces/internal-nic"
            ],
            "os_disk": [
              {
                "caching": "None",
                "diff_disk_settings": [],
                "disk_encryption_set_id": "",
                "disk_size_gb": 30,
                "name": "terraform-in_OsDisk_1_89c14975b9234635981fd2c07497b25e",
                "secure_vm_disk_encryption_set_id": "",
                "security_encryption_type": "",
                "storage_account_type": "Standard_LRS",
                "write_accelerator_enabled": false
              }
            ],
            "patch_assessment_mode": "ImageDefault",
            "patch_mode": "ImageDefault",
            "plan": [],
            "platform_fault_domain": -1,
            "priority": "Regular",
            "private_ip_address": "10.1.10.5",
            "private_ip_addresses": [
              "10.1.10.5"
            ],
            "provision_vm_agent": true,
            "proximity_placement_group_id": "",
            "public_ip_address": "",
            "public_ip_addresses": [],
            "resource_group_name": "rg_terraform",
            "secret": [],
            "secure_boot_enabled": false,
            "size": "Standard_B1s",
            "source_image_id": "",
            "source_image_reference": [
              {
                "offer": "UbuntuServer",
                "publisher": "Canonical",
                "sku": "18.04-LTS",
                "version": "latest"
              }
            ],
            "tags": null,
            "termination_notification": null,
            "timeouts": null,
            "user_data": "",
            "virtual_machine_id": "7b291dea-6983-43e9-8871-96b4a626ff85",
            "virtual_machine_scale_set_id": "",
            "vtpm_enabled": false,
            "zone": ""
          },
          "sensitive_attributes": [],
          "private": "eyJlMmJmYjczMC1lY2FhLTExZTYtOGY4OC0zNDM2M2JjN2M0YzAiOnsiY3JlYXRlIjoyNzAwMDAwMDAwMDAwLCJkZWxldGUiOjI3MDAwMDAwMDAwMDAsInJlYWQiOjMwMDAwMDAwMDAwMCwidXBkYXRlIjoyNzAwMDAwMDAwMDAwfX0=",
          "dependencies": [
            "azurerm_network_interface.internal",
            "azurerm_resource_group.main",
            "azurerm_subnet.subnetB",
            "azurerm_virtual_network.main",
            "tls_private_key.linux_privatekey"
          ]
        }
      ]
    },
    {
      "mode": "managed",
      "type": "azurerm_managed_disk",
      "name": "Disk1",
      "provider": "provider[\"registry.terraform.io/hashicorp/azurerm\"]",
      "instances": [
        {
          "schema_version": 1,
          "attributes": {
            "create_option": "Empty",
            "disk_access_id": "",
            "disk_encryption_set_id": "",
            "disk_iops_read_only": 0,
            "disk_iops_read_write": 500,
            "disk_mbps_read_only": 0,
            "disk_mbps_read_write": 60,
            "disk_size_gb": 1,
            "edge_zone": "",
            "encryption_settings": [],
            "gallery_image_reference_id": "",
            "hyper_v_generation": "",
            "id": "/subscriptions/2ab02db9-94eb-45c2-bcf5-ea9cca5b1a54/resourceGroups/rg_terraform/providers/Microsoft.Compute/disks/disk1",
            "image_reference_id": "",
            "location": "centralindia",
            "logical_sector_size": null,
            "max_shares": 0,
            "name": "disk1",
            "network_access_policy": null,
            "on_demand_bursting_enabled": false,
            "os_type": "",
            "public_network_access_enabled": true,
            "resource_group_name": "rg_terraform",
            "secure_vm_disk_encryption_set_id": "",
            "security_type": "",
            "source_resource_id": "",
            "source_uri": "",
            "storage_account_id": "",
            "storage_account_type": "Standard_LRS",
            "tags": null,
            "tier": "",
            "timeouts": null,
            "trusted_launch_enabled": false,
            "upload_size_bytes": 0,
            "zone": ""
          },
          "sensitive_attributes": [],
          "private": "eyJlMmJmYjczMC1lY2FhLTExZTYtOGY4OC0zNDM2M2JjN2M0YzAiOnsiY3JlYXRlIjoxODAwMDAwMDAwMDAwLCJkZWxldGUiOjE4MDAwMDAwMDAwMDAsInJlYWQiOjMwMDAwMDAwMDAwMCwidXBkYXRlIjoxODAwMDAwMDAwMDAwfSwic2NoZW1hX3ZlcnNpb24iOiIxIn0=",
          "dependencies": [
            "azurerm_resource_group.main"
          ]
        }
      ]
    },
    {
      "mode": "managed",
      "type": "azurerm_network_interface",
      "name": "internal",
      "provider": "provider[\"registry.terraform.io/hashicorp/azurerm\"]",
      "instances": [
        {
          "schema_version": 0,
          "attributes": {
            "applied_dns_servers": [],
            "dns_servers": [],
            "edge_zone": "",
            "enable_accelerated_networking": false,
            "enable_ip_forwarding": false,
            "id": "/subscriptions/2ab02db9-94eb-45c2-bcf5-ea9cca5b1a54/resourceGroups/rg_terraform/providers/Microsoft.Network/networkInterfaces/internal-nic",
            "internal_dns_name_label": "",
            "internal_domain_name_suffix": "ig1ktwmd40ferenmlqvx53zovb.rx.internal.cloudapp.net",
            "ip_configuration": [
              {
                "gateway_load_balancer_frontend_ip_configuration_id": "",
                "name": "internal",
                "primary": true,
                "private_ip_address": "10.1.10.5",
                "private_ip_address_allocation": "Static",
                "private_ip_address_version": "IPv4",
                "public_ip_address_id": "",
                "subnet_id": "/subscriptions/2ab02db9-94eb-45c2-bcf5-ea9cca5b1a54/resourceGroups/rg_terraform/providers/Microsoft.Network/virtualNetworks/vn_under_rg_terraform/subnets/sbnetB"
              }
            ],
            "location": "centralindia",
            "mac_address": "",
            "name": "internal-nic",
            "private_ip_address": "10.1.10.5",
            "private_ip_addresses": [
              "10.1.10.5"
            ],
            "resource_group_name": "rg_terraform",
            "tags": null,
            "timeouts": null,
            "virtual_machine_id": ""
          },
          "sensitive_attributes": [],
          "private": "eyJlMmJmYjczMC1lY2FhLTExZTYtOGY4OC0zNDM2M2JjN2M0YzAiOnsiY3JlYXRlIjoxODAwMDAwMDAwMDAwLCJkZWxldGUiOjE4MDAwMDAwMDAwMDAsInJlYWQiOjMwMDAwMDAwMDAwMCwidXBkYXRlIjoxODAwMDAwMDAwMDAwfX0=",
          "dependencies": [
            "azurerm_resource_group.main",
            "azurerm_subnet.subnetB",
            "azurerm_virtual_network.main"
          ]
        }
      ]
    },
    {
      "mode": "managed",
      "type": "azurerm_network_security_group",
      "name": "subnetA",
      "provider": "provider[\"registry.terraform.io/hashicorp/azurerm\"]",
      "instances": [
        {
          "schema_version": 0,
          "attributes": {
            "id": "/subscriptions/2ab02db9-94eb-45c2-bcf5-ea9cca5b1a54/resourceGroups/rg_terraform/providers/Microsoft.Network/networkSecurityGroups/nsg1",
            "location": "centralindia",
            "name": "nsg1",
            "resource_group_name": "rg_terraform",
            "security_rule": [
              {
                "access": "Allow",
                "description": "",
                "destination_address_prefix": "*",
                "destination_address_prefixes": [],
                "destination_application_security_group_ids": [],
                "destination_port_range": "22",
                "destination_port_ranges": [],
                "direction": "Inbound",
                "name": "AllowSSH",
                "priority": 100,
                "protocol": "Tcp",
                "source_address_prefix": "*",
                "source_address_prefixes": [],
                "source_application_security_group_ids": [],
                "source_port_range": "*",
                "source_port_ranges": []
              }
            ],
            "tags": null,
            "timeouts": null
          },
          "sensitive_attributes": [],
          "private": "eyJlMmJmYjczMC1lY2FhLTExZTYtOGY4OC0zNDM2M2JjN2M0YzAiOnsiY3JlYXRlIjoxODAwMDAwMDAwMDAwLCJkZWxldGUiOjE4MDAwMDAwMDAwMDAsInJlYWQiOjMwMDAwMDAwMDAwMCwidXBkYXRlIjoxODAwMDAwMDAwMDAwfX0=",
          "dependencies": [
            "azurerm_resource_group.main",
            "azurerm_subnet.subnetA",
            "azurerm_virtual_network.main"
          ]
        }
      ]
    },
    {
      "mode": "managed",
      "type": "azurerm_resource_group",
      "name": "main",
      "provider": "provider[\"registry.terraform.io/hashicorp/azurerm\"]",
      "instances": [
        {
          "schema_version": 0,
          "attributes": {
            "id": "/subscriptions/2ab02db9-94eb-45c2-bcf5-ea9cca5b1a54/resourceGroups/rg_terraform",
            "location": "centralindia",
            "name": "rg_terraform",
            "tags": {
              "Env": "Terraform_automate"
            },
            "timeouts": null
          },
          "sensitive_attributes": [],
          "private": "eyJlMmJmYjczMC1lY2FhLTExZTYtOGY4OC0zNDM2M2JjN2M0YzAiOnsiY3JlYXRlIjo1NDAwMDAwMDAwMDAwLCJkZWxldGUiOjU0MDAwMDAwMDAwMDAsInJlYWQiOjMwMDAwMDAwMDAwMCwidXBkYXRlIjo1NDAwMDAwMDAwMDAwfX0="
        }
      ]
    },
    {
      "mode": "managed",
      "type": "azurerm_storage_account",
      "name": "stor-acc",
      "provider": "provider[\"registry.terraform.io/hashicorp/azurerm\"]",
      "instances": [
        {
          "schema_version": 3,
          "attributes": {
            "access_tier": "Hot",
            "account_kind": "StorageV2",
            "account_replication_type": "LRS",
            "account_tier": "Standard",
            "allow_nested_items_to_be_public": true,
            "azure_files_authentication": [],
            "blob_properties": [
              {
                "change_feed_enabled": false,
                "change_feed_retention_in_days": 0,
                "container_delete_retention_policy": [],
                "cors_rule": [],
                "default_service_version": "",
                "delete_retention_policy": [],
                "last_access_time_enabled": false,
                "restore_policy": [],
                "versioning_enabled": false
              }
            ],
            "cross_tenant_replication_enabled": true,
            "custom_domain": [],
            "customer_managed_key": [],
            "default_to_oauth_authentication": false,
            "edge_zone": "",
            "enable_https_traffic_only": true,
            "id": "/subscriptions/2ab02db9-94eb-45c2-bcf5-ea9cca5b1a54/resourceGroups/rg_terraform/providers/Microsoft.Storage/storageAccounts/terraforst",
            "identity": [],
            "immutability_policy": [],
            "infrastructure_encryption_enabled": false,
            "is_hns_enabled": false,
            "large_file_share_enabled": null,
            "location": "centralindia",
            "min_tls_version": "TLS1_2",
            "name": "terraforst",
            "network_rules": [
              {
                "bypass": [
                  "AzureServices"
                ],
                "default_action": "Allow",
                "ip_rules": [],
                "private_link_access": [],
                "virtual_network_subnet_ids": []
              }
            ],
            "nfsv3_enabled": false,
            "primary_access_key": "rsrwlGDjpCbWruE42mSgCeAmv3Q1ZmSIQGkAVGocLkKVpaFEC18lh61jZ1sfJ1dyzBi23yqVFGAR+AStV9YTag==",
            "primary_blob_connection_string": "DefaultEndpointsProtocol=https;BlobEndpoint=https://terraforst.blob.core.windows.net/;AccountName=terraforst;AccountKey=rsrwlGDjpCbWruE42mSgCeAmv3Q1ZmSIQGkAVGocLkKVpaFEC18lh61jZ1sfJ1dyzBi23yqVFGAR+AStV9YTag==",
            "primary_blob_endpoint": "https://terraforst.blob.core.windows.net/",
            "primary_blob_host": "terraforst.blob.core.windows.net",
            "primary_connection_string": "DefaultEndpointsProtocol=https;AccountName=terraforst;AccountKey=rsrwlGDjpCbWruE42mSgCeAmv3Q1ZmSIQGkAVGocLkKVpaFEC18lh61jZ1sfJ1dyzBi23yqVFGAR+AStV9YTag==;EndpointSuffix=core.windows.net",
            "primary_dfs_endpoint": "https://terraforst.dfs.core.windows.net/",
            "primary_dfs_host": "terraforst.dfs.core.windows.net",
            "primary_file_endpoint": "https://terraforst.file.core.windows.net/",
            "primary_file_host": "terraforst.file.core.windows.net",
            "primary_location": "centralindia",
            "primary_queue_endpoint": "https://terraforst.queue.core.windows.net/",
            "primary_queue_host": "terraforst.queue.core.windows.net",
            "primary_table_endpoint": "https://terraforst.table.core.windows.net/",
            "primary_table_host": "terraforst.table.core.windows.net",
            "primary_web_endpoint": "https://terraforst.z29.web.core.windows.net/",
            "primary_web_host": "terraforst.z29.web.core.windows.net",
            "public_network_access_enabled": true,
            "queue_encryption_key_type": "Service",
            "queue_properties": [
              {
                "cors_rule": [],
                "hour_metrics": [
                  {
                    "enabled": true,
                    "include_apis": true,
                    "retention_policy_days": 7,
                    "version": "1.0"
                  }
                ],
                "logging": [
                  {
                    "delete": false,
                    "read": false,
                    "retention_policy_days": 0,
                    "version": "1.0",
                    "write": false
                  }
                ],
                "minute_metrics": [
                  {
                    "enabled": false,
                    "include_apis": false,
                    "retention_policy_days": 0,
                    "version": "1.0"
                  }
                ]
              }
            ],
            "resource_group_name": "rg_terraform",
            "routing": [],
            "sas_policy": [],
            "secondary_access_key": "DH5AXjZ2xoukLPezJrm8faLTjvCkRKIFejS43DtybiOS6R5sCWXkvCoV0c+O1ZB99G439bmZ/zKW+AStQR7h5g==",
            "secondary_blob_connection_string": "",
            "secondary_blob_endpoint": null,
            "secondary_blob_host": null,
            "secondary_connection_string": "DefaultEndpointsProtocol=https;AccountName=terraforst;AccountKey=DH5AXjZ2xoukLPezJrm8faLTjvCkRKIFejS43DtybiOS6R5sCWXkvCoV0c+O1ZB99G439bmZ/zKW+AStQR7h5g==;EndpointSuffix=core.windows.net",
            "secondary_dfs_endpoint": null,
            "secondary_dfs_host": null,
            "secondary_file_endpoint": null,
            "secondary_file_host": null,
            "secondary_location": "",
            "secondary_queue_endpoint": null,
            "secondary_queue_host": null,
            "secondary_table_endpoint": null,
            "secondary_table_host": null,
            "secondary_web_endpoint": null,
            "secondary_web_host": null,
            "sftp_enabled": false,
            "share_properties": [
              {
                "cors_rule": [],
                "retention_policy": [
                  {
                    "days": 7
                  }
                ],
                "smb": []
              }
            ],
            "shared_access_key_enabled": true,
            "static_website": [],
            "table_encryption_key_type": "Service",
            "tags": null,
            "timeouts": null
          },
          "sensitive_attributes": [],
          "private": "eyJlMmJmYjczMC1lY2FhLTExZTYtOGY4OC0zNDM2M2JjN2M0YzAiOnsiY3JlYXRlIjozNjAwMDAwMDAwMDAwLCJkZWxldGUiOjM2MDAwMDAwMDAwMDAsInJlYWQiOjMwMDAwMDAwMDAwMCwidXBkYXRlIjozNjAwMDAwMDAwMDAwfSwic2NoZW1hX3ZlcnNpb24iOiIzIn0=",
          "dependencies": [
            "azurerm_resource_group.main"
          ]
        }
      ]
    },
    {
      "mode": "managed",
      "type": "azurerm_storage_blob",
      "name": "blob",
      "provider": "provider[\"registry.terraform.io/hashicorp/azurerm\"]",
      "instances": [
        {
          "schema_version": 1,
          "attributes": {
            "access_tier": "Hot",
            "cache_control": "",
            "content_md5": "",
            "content_type": "application/octet-stream",
            "id": "https://terraforst.blob.core.windows.net/dev/maintf",
            "metadata": {},
            "name": "maintf",
            "parallelism": 8,
            "size": 0,
            "source": "main.tf",
            "source_content": null,
            "source_uri": null,
            "storage_account_name": "terraforst",
            "storage_container_name": "dev",
            "timeouts": null,
            "type": "Block",
            "url": "https://terraforst.blob.core.windows.net/dev/maintf"
          },
          "sensitive_attributes": [],
          "private": "eyJlMmJmYjczMC1lY2FhLTExZTYtOGY4OC0zNDM2M2JjN2M0YzAiOnsiY3JlYXRlIjoxODAwMDAwMDAwMDAwLCJkZWxldGUiOjE4MDAwMDAwMDAwMDAsInJlYWQiOjMwMDAwMDAwMDAwMCwidXBkYXRlIjoxODAwMDAwMDAwMDAwfSwic2NoZW1hX3ZlcnNpb24iOiIxIn0=",
          "dependencies": [
            "azurerm_resource_group.main",
            "azurerm_storage_account.stor-acc",
            "azurerm_storage_container.container1"
          ]
        }
      ]
    },
    {
      "mode": "managed",
      "type": "azurerm_storage_container",
      "name": "container1",
      "provider": "provider[\"registry.terraform.io/hashicorp/azurerm\"]",
      "instances": [
        {
          "index_key": "dev",
          "schema_version": 1,
          "attributes": {
            "container_access_type": "blob",
            "has_immutability_policy": false,
            "has_legal_hold": false,
            "id": "https://terraforst.blob.core.windows.net/dev",
            "metadata": {},
            "name": "dev",
            "resource_manager_id": "/subscriptions/2ab02db9-94eb-45c2-bcf5-ea9cca5b1a54/resourceGroups/rg_terraform/providers/Microsoft.Storage/storageAccounts/terraforst/blobServices/default/containers/dev",
            "storage_account_name": "terraforst",
            "timeouts": null
          },
          "sensitive_attributes": [],
          "private": "eyJlMmJmYjczMC1lY2FhLTExZTYtOGY4OC0zNDM2M2JjN2M0YzAiOnsiY3JlYXRlIjoxODAwMDAwMDAwMDAwLCJkZWxldGUiOjE4MDAwMDAwMDAwMDAsInJlYWQiOjMwMDAwMDAwMDAwMCwidXBkYXRlIjoxODAwMDAwMDAwMDAwfSwic2NoZW1hX3ZlcnNpb24iOiIxIn0=",
          "dependencies": [
            "azurerm_resource_group.main",
            "azurerm_storage_account.stor-acc"
          ]
        },
        {
          "index_key": "prod",
          "schema_version": 1,
          "attributes": {
            "container_access_type": "blob",
            "has_immutability_policy": false,
            "has_legal_hold": false,
            "id": "https://terraforst.blob.core.windows.net/prod",
            "metadata": {},
            "name": "prod",
            "resource_manager_id": "/subscriptions/2ab02db9-94eb-45c2-bcf5-ea9cca5b1a54/resourceGroups/rg_terraform/providers/Microsoft.Storage/storageAccounts/terraforst/blobServices/default/containers/prod",
            "storage_account_name": "terraforst",
            "timeouts": null
          },
          "sensitive_attributes": [],
          "private": "eyJlMmJmYjczMC1lY2FhLTExZTYtOGY4OC0zNDM2M2JjN2M0YzAiOnsiY3JlYXRlIjoxODAwMDAwMDAwMDAwLCJkZWxldGUiOjE4MDAwMDAwMDAwMDAsInJlYWQiOjMwMDAwMDAwMDAwMCwidXBkYXRlIjoxODAwMDAwMDAwMDAwfSwic2NoZW1hX3ZlcnNpb24iOiIxIn0=",
          "dependencies": [
            "azurerm_resource_group.main",
            "azurerm_storage_account.stor-acc"
          ]
        },
        {
          "index_key": "qat",
          "schema_version": 1,
          "attributes": {
            "container_access_type": "blob",
            "has_immutability_policy": false,
            "has_legal_hold": false,
            "id": "https://terraforst.blob.core.windows.net/qat",
            "metadata": {},
            "name": "qat",
            "resource_manager_id": "/subscriptions/2ab02db9-94eb-45c2-bcf5-ea9cca5b1a54/resourceGroups/rg_terraform/providers/Microsoft.Storage/storageAccounts/terraforst/blobServices/default/containers/qat",
            "storage_account_name": "terraforst",
            "timeouts": null
          },
          "sensitive_attributes": [],
          "private": "eyJlMmJmYjczMC1lY2FhLTExZTYtOGY4OC0zNDM2M2JjN2M0YzAiOnsiY3JlYXRlIjoxODAwMDAwMDAwMDAwLCJkZWxldGUiOjE4MDAwMDAwMDAwMDAsInJlYWQiOjMwMDAwMDAwMDAwMCwidXBkYXRlIjoxODAwMDAwMDAwMDAwfSwic2NoZW1hX3ZlcnNpb24iOiIxIn0=",
          "dependencies": [
            "azurerm_resource_group.main",
            "azurerm_storage_account.stor-acc"
          ]
        }
      ]
    },
    {
      "mode": "managed",
      "type": "azurerm_subnet",
      "name": "subnetA",
      "provider": "provider[\"registry.terraform.io/hashicorp/azurerm\"]",
      "instances": [
        {
          "schema_version": 0,
          "attributes": {
            "address_prefixes": [
              "10.1.1.0/24"
            ],
            "delegation": [],
            "enforce_private_link_endpoint_network_policies": false,
            "enforce_private_link_service_network_policies": false,
            "id": "/subscriptions/2ab02db9-94eb-45c2-bcf5-ea9cca5b1a54/resourceGroups/rg_terraform/providers/Microsoft.Network/virtualNetworks/vn_under_rg_terraform/subnets/sbnetA",
            "name": "sbnetA",
            "private_endpoint_network_policies_enabled": true,
            "private_link_service_network_policies_enabled": true,
            "resource_group_name": "rg_terraform",
            "service_endpoint_policy_ids": null,
            "service_endpoints": null,
            "timeouts": null,
            "virtual_network_name": "vn_under_rg_terraform"
          },
          "sensitive_attributes": [],
          "private": "eyJlMmJmYjczMC1lY2FhLTExZTYtOGY4OC0zNDM2M2JjN2M0YzAiOnsiY3JlYXRlIjoxODAwMDAwMDAwMDAwLCJkZWxldGUiOjE4MDAwMDAwMDAwMDAsInJlYWQiOjMwMDAwMDAwMDAwMCwidXBkYXRlIjoxODAwMDAwMDAwMDAwfX0=",
          "dependencies": [
            "azurerm_resource_group.main",
            "azurerm_virtual_network.main"
          ]
        }
      ]
    },
    {
      "mode": "managed",
      "type": "azurerm_subnet",
      "name": "subnetB",
      "provider": "provider[\"registry.terraform.io/hashicorp/azurerm\"]",
      "instances": [
        {
          "schema_version": 0,
          "attributes": {
            "address_prefixes": [
              "10.1.10.0/24"
            ],
            "delegation": [],
            "enforce_private_link_endpoint_network_policies": false,
            "enforce_private_link_service_network_policies": false,
            "id": "/subscriptions/2ab02db9-94eb-45c2-bcf5-ea9cca5b1a54/resourceGroups/rg_terraform/providers/Microsoft.Network/virtualNetworks/vn_under_rg_terraform/subnets/sbnetB",
            "name": "sbnetB",
            "private_endpoint_network_policies_enabled": true,
            "private_link_service_network_policies_enabled": true,
            "resource_group_name": "rg_terraform",
            "service_endpoint_policy_ids": null,
            "service_endpoints": null,
            "timeouts": null,
            "virtual_network_name": "vn_under_rg_terraform"
          },
          "sensitive_attributes": [],
          "private": "eyJlMmJmYjczMC1lY2FhLTExZTYtOGY4OC0zNDM2M2JjN2M0YzAiOnsiY3JlYXRlIjoxODAwMDAwMDAwMDAwLCJkZWxldGUiOjE4MDAwMDAwMDAwMDAsInJlYWQiOjMwMDAwMDAwMDAwMCwidXBkYXRlIjoxODAwMDAwMDAwMDAwfX0=",
          "dependencies": [
            "azurerm_resource_group.main",
            "azurerm_virtual_network.main"
          ]
        }
      ]
    },
    {
      "mode": "managed",
      "type": "azurerm_subnet_network_security_group_association",
      "name": "subnetA",
      "provider": "provider[\"registry.terraform.io/hashicorp/azurerm\"]",
      "instances": [
        {
          "schema_version": 0,
          "attributes": {
            "id": "/subscriptions/2ab02db9-94eb-45c2-bcf5-ea9cca5b1a54/resourceGroups/rg_terraform/providers/Microsoft.Network/virtualNetworks/vn_under_rg_terraform/subnets/sbnetA",
            "network_security_group_id": "/subscriptions/2ab02db9-94eb-45c2-bcf5-ea9cca5b1a54/resourceGroups/rg_terraform/providers/Microsoft.Network/networkSecurityGroups/nsg1",
            "subnet_id": "/subscriptions/2ab02db9-94eb-45c2-bcf5-ea9cca5b1a54/resourceGroups/rg_terraform/providers/Microsoft.Network/virtualNetworks/vn_under_rg_terraform/subnets/sbnetA",
            "timeouts": null
          },
          "sensitive_attributes": [],
          "private": "eyJlMmJmYjczMC1lY2FhLTExZTYtOGY4OC0zNDM2M2JjN2M0YzAiOnsiY3JlYXRlIjoxODAwMDAwMDAwMDAwLCJkZWxldGUiOjE4MDAwMDAwMDAwMDAsInJlYWQiOjMwMDAwMDAwMDAwMCwidXBkYXRlIjoxODAwMDAwMDAwMDAwfX0=",
          "dependencies": [
            "azurerm_network_security_group.subnetA",
            "azurerm_resource_group.main",
            "azurerm_subnet.subnetA",
            "azurerm_virtual_network.main"
          ]
        }
      ]
    },
    {
      "mode": "managed",
      "type": "azurerm_virtual_machine_data_disk_attachment",
      "name": "disk1",
      "provider": "provider[\"registry.terraform.io/hashicorp/azurerm\"]",
      "instances": [
        {
          "schema_version": 0,
          "attributes": {
            "caching": "ReadWrite",
            "create_option": "Attach",
            "id": "/subscriptions/2ab02db9-94eb-45c2-bcf5-ea9cca5b1a54/resourceGroups/rg_terraform/providers/Microsoft.Compute/virtualMachines/terraform-in/dataDisks/disk1",
            "lun": 2,
            "managed_disk_id": "/subscriptions/2ab02db9-94eb-45c2-bcf5-ea9cca5b1a54/resourceGroups/rg_terraform/providers/Microsoft.Compute/disks/disk1",
            "timeouts": null,
            "virtual_machine_id": "/subscriptions/2ab02db9-94eb-45c2-bcf5-ea9cca5b1a54/resourceGroups/rg_terraform/providers/Microsoft.Compute/virtualMachines/terraform-in",
            "write_accelerator_enabled": false
          },
          "sensitive_attributes": [],
          "private": "eyJlMmJmYjczMC1lY2FhLTExZTYtOGY4OC0zNDM2M2JjN2M0YzAiOnsiY3JlYXRlIjoxODAwMDAwMDAwMDAwLCJkZWxldGUiOjE4MDAwMDAwMDAwMDAsInJlYWQiOjMwMDAwMDAwMDAwMCwidXBkYXRlIjoxODAwMDAwMDAwMDAwfX0=",
          "dependencies": [
            "azurerm_linux_virtual_machine.new_vm",
            "azurerm_managed_disk.Disk1",
            "azurerm_network_interface.internal",
            "azurerm_resource_group.main",
            "azurerm_subnet.subnetB",
            "azurerm_virtual_network.main",
            "tls_private_key.linux_privatekey"
          ]
        }
      ]
    },
    {
      "mode": "managed",
      "type": "azurerm_virtual_network",
      "name": "main",
      "provider": "provider[\"registry.terraform.io/hashicorp/azurerm\"]",
      "instances": [
        {
          "schema_version": 0,
          "attributes": {
            "address_space": [
              "10.1.0.0/16"
            ],
            "bgp_community": "",
            "ddos_protection_plan": [],
            "dns_servers": [],
            "edge_zone": "",
            "flow_timeout_in_minutes": 0,
            "guid": "d9a9b641-f683-488a-91ac-5c2b7ff72ea9",
            "id": "/subscriptions/2ab02db9-94eb-45c2-bcf5-ea9cca5b1a54/resourceGroups/rg_terraform/providers/Microsoft.Network/virtualNetworks/vn_under_rg_terraform",
            "location": "centralindia",
            "name": "vn_under_rg_terraform",
            "resource_group_name": "rg_terraform",
            "subnet": [],
            "tags": {
              "Env": "Terraform_automate"
            },
            "timeouts": null
          },
          "sensitive_attributes": [],
          "private": "eyJlMmJmYjczMC1lY2FhLTExZTYtOGY4OC0zNDM2M2JjN2M0YzAiOnsiY3JlYXRlIjoxODAwMDAwMDAwMDAwLCJkZWxldGUiOjE4MDAwMDAwMDAwMDAsInJlYWQiOjMwMDAwMDAwMDAwMCwidXBkYXRlIjoxODAwMDAwMDAwMDAwfX0=",
          "dependencies": [
            "azurerm_resource_group.main"
          ]
        }
      ]
    },
    {
      "mode": "managed",
      "type": "local_file",
      "name": "linuxpemkey",
      "provider": "provider[\"registry.terraform.io/hashicorp/local\"]",
      "instances": [
        {
          "schema_version": 0,
          "attributes": {
            "content": "-----BEGIN RSA PRIVATE KEY-----\nMIIJKgIBAAKCAgEA1GfvYa6eFxysgluCXyoWg9Qoe57sO5dqj5wFXhIjWzyh9fCS\n52/22fk0uq9lCDONOTGaTyfmM3FPTspC4DKoBijN4UUPHI47pz5yTprLcjNl7kE9\n7Z4SsC2pZQNsig3YDkrLRm9+fgtaILsvKFQPnzgAbdFI7y7hm6hgEioWokBbwh4O\n90A9OOzPVbnqJJqS+nX5wZBomtEitOtjbgEi07OCkjv2iiGxhTBsSW/zc9Q+NSns\n8QZ561txuXNeap+k03iSBcBnn1iDZAZXm7Mhf2gJWq+CkRrtDqxFsvtFVqfdfkRW\nMx+jiXA5rNk3LpqorxSMpyvIyIyE+qJg/ZiMCg4TaawgEzevc9bENmIYFFmeYaM1\n/eQW2FpNA/yEboQRUnX3ID544qfyVfXsPxyslXTAB+EEpF0bZU4Ck1s93IN9Pb4S\nWo0iO2PW4S2Gu9Y5dyMgJabD82NBzaXHnS7TPYSfmr/JaM7xyS4ohy851yPgYBPf\n/+WyxafDvvf2TU5NAykG5t+nrp2JeQh6FvTdDSs+1w6NDgrBGqZvOXQXPJEOVoFS\ndeyR9wW0wfT8T0vSuWiIafJOWN+Eznf3RMB9M93pjb6kLHGl3BW0R4arWlgEMR3T\n4fuc6PfOMoStUr/2QUHPQI4Fiq1gCjRcmE4jKMqmh/1fznSt3FpJs5lpQv0CAwEA\nAQKCAgEAlzc7W/6Vu/yE7/U39oofJ1EmVQQKSE5+5ah8xcEB/NVItK/F1hCG3B2n\npXRy6AjTdLFUmx/bqinz/TLPs488wc3Q7JxeqsSzwVgaxs07I51l5t35ua38vgJ0\nA18RqaM7eslSuF1t30wzqPO6GermiEK1Q3lohCeLJGcVpjjijjZlXOhLXUkVjO5C\nmVRXViHZm4fb/CrT3cwf+k9OJSWX5sF4pqUb2rEsEZcssIeL+Z1TgEPN1LX4nE8o\nwo9Y2222SXsf8gpNe0rnl5FQU5+OrIajijVDLgzOUdDheg+bCJtPe7Io8BKJObJ0\nzRKDT6F5j9OAYw8vzV8E2O47QK+WmdFprUlmhVPPKN8yYFDmd4FvgNQd3tBWqkGQ\ntEFEiD8xIYSBlCeCaCt+iEVys+PutWdZJAX/w4CFg0idkGX2wUIYa8l/Rb2oET0R\nJTwyheVB0Mida5CporEzCoOzYAazRY6EBB+ZOyJVc7h/OBrMO+2EKj/GFUkhC5gp\nzWYuVwvPWzg57ljbC5VwF3xL0HT3WILUgU6t9GfzRZP0wzDPnaGihpmWmNe0mZcT\nSPfXRvmF7dhe6Bs/NLVDNvQ8TzYvTxf+NcOkbpVpzk4a8cTJnhMsBk1FF9FCNhrs\nKKHDOPdvyhgjliCmOggjOBXFr6IbxGRVQJOJJEfRFm8kyKpLpZ0CggEBAPahtHzQ\nW1z/XDcI+TN0jOzYY2YYmdt+czaO89ysycUbuKc/5dwwXR3UN4HoOmE5xxw7Hffr\n8cpdHUrdkDVBxDHZ2GglvBOWUNRyf2cVpb/Ji+IkL7/qzz/bahJk6Qb3meP1ZnQ7\nqUSsr3z3p5kOF/Fz/yoTmjLPtJIN8F3JZQ3ALxQSNm5q7JPey4qpPJJOs6Y2ylay\nTViIvsv+ZAxbQ4LpVJqwLMmu/1PWF+6HV0Dq0JV4xbRdy08olfGzCNV/osM0VraX\nmoL5KSy3DSr+MuQyIg7FliV189FCbJNPvTke0XJpma1nSA9QWY4WN6YUNYtiGdSb\nbexy4GrPd7Ph46cCggEBANx5abZ27b/xORNIeouszhcwgJ6OtKD3zuLtLfevbXZB\nrA8JnXADiB/Wx7vOSK2Kn2OVS6AGFVn3HBQPtlct05uehi+U9E5VSixaM8FL4SKg\nBDd2onOn+h7yM3O0gNH/gsM0+WVZ1qzRQZTzTsAHOO9ibqRHOFfiwAEkrqcEHeKi\njPxMDZ8HR9wBxVoGAWtt63ajrCdx08N0xCEvtDIVvD48Zu3/Bw505OurQIuZd+z8\nk5AI+8A6jITSYmoDZ4qKLqsnLZ3npz0VxgsSdnfQ+n/zkH30M0aEacRx9FytneVj\nBlpvhXBy1WOBFedmTD8b9O5ZY/zfs93d/dleqHm3SLsCggEBAJrGUCYj+7IY7x36\nm6kW83mPMpHXznZYnKUYgSFzrgvsoa0UBIRyNX2KuGrl+f0Z7UJiNyRnBY4hcUiS\nUvWZGC7Qr2Zsh+Mi6gbo89sVUrdRHGAGpZCjIvzIDYENos+kgwbz8h/vcQKP/HFI\nWf1LQutcCD23n4VTo9YkuTuiL7C5ctH9u/r/TwhdQQ77te97RHKC3+gYbUGqT1Jl\nixPWEkANffK1rOXE1KcgLFScyr0Kn2uuJyRR2E0NA0xzNpAFUXd/WQutiGG5S4Ws\nOq9IZ1edvpHWnatUonYoYUrxN6apGHfcnXyc3DQAELOCbdnjxNZ78gnioNFKJlvh\nZxWUJPECggEAMm9Tz3nFSXNVKyQZZHpTatqdkafzih8mJKM9MLvgvnynb4kzirxE\nF4R6jGvUFF7xt0Yf1quNltcAhVZSz/6bua255IiemozIOv0necBx8AnK7SUmZG64\nuPuO6ZkRHvjkYONtadHzWfVEm15NVYBRdfF+ffYM3Y3xflF14p7+dynYNp7vPsHb\nnmiJTN6y1HCAvNMUPrG7T6sWcsEG564xMct/gFImuxfihkbWrRieZogg+YIUlRTP\nsFKwULAWr4qMwnpj5QtpJoAkncPLdf1IUJzXIPkMAcWorFelHs5YoHDWszlvvRmH\n1wtgh17PcmBi12N7jA1giBCQUXll8PIMoQKCAQEA61gRH9Hw93bfiSIB4qK7oD5q\nTua3aPzp40kCJZyKqUzwmTffXC/27OaDaAxer4uEPlpMGSs9yN+/WARFoCZvziqq\nMmKdsL1CjZz7lK2nveN2f9y5TgpP/t+0CWC/46yrOOaJk2yxxSbNfzNs6GvguyWs\nzplLCEebFRlSOiz9rMoBydwy137aUCDm54YaiFcOoz5w9lPR6xIHUbTdgXHVNUZI\nXbnwD5vlUxtrYHQXuI5Y+3g5pkvCR06nUYTJq3CJhxLVOdwSZWIU27LYlPEJRVkD\nLaPrJxQ02waNaCz+yp1oLQUIVgMWNhEaEQdRFW5XkZ2vaHYaf7MVaeFbLmjWlg==\n-----END RSA PRIVATE KEY-----\n",
            "content_base64": null,
            "directory_permission": "0777",
            "file_permission": "0777",
            "filename": "linux_privatekey.pem",
            "id": "bccb31f1e33a9ae7ac6d48f6d44853b85dd1514e",
            "sensitive_content": null,
            "source": null
          },
          "sensitive_attributes": [
            [
              {
                "type": "get_attr",
                "value": "content"
              }
            ]
          ],
          "private": "bnVsbA==",
          "dependencies": [
            "tls_private_key.linux_privatekey"
          ]
        }
      ]
    },
    {
      "mode": "managed",
      "type": "tls_private_key",
      "name": "linux_privatekey",
      "provider": "provider[\"registry.terraform.io/hashicorp/tls\"]",
      "instances": [
        {
          "schema_version": 1,
          "attributes": {
            "algorithm": "RSA",
            "ecdsa_curve": "P224",
            "id": "b9fa1327c560243a90c8343a4da9624c0718798a",
            "private_key_openssh": "-----BEGIN OPENSSH PRIVATE KEY-----\nb3BlbnNzaC1rZXktdjEAAAAABG5vbmUAAAAEbm9uZQAAAAAAAAABAAACFwAAAAdz\nc2gtcnNhAAAAAwEAAQAAAgEA1GfvYa6eFxysgluCXyoWg9Qoe57sO5dqj5wFXhIj\nWzyh9fCS52/22fk0uq9lCDONOTGaTyfmM3FPTspC4DKoBijN4UUPHI47pz5yTprL\ncjNl7kE97Z4SsC2pZQNsig3YDkrLRm9+fgtaILsvKFQPnzgAbdFI7y7hm6hgEioW\nokBbwh4O90A9OOzPVbnqJJqS+nX5wZBomtEitOtjbgEi07OCkjv2iiGxhTBsSW/z\nc9Q+NSns8QZ561txuXNeap+k03iSBcBnn1iDZAZXm7Mhf2gJWq+CkRrtDqxFsvtF\nVqfdfkRWMx+jiXA5rNk3LpqorxSMpyvIyIyE+qJg/ZiMCg4TaawgEzevc9bENmIY\nFFmeYaM1/eQW2FpNA/yEboQRUnX3ID544qfyVfXsPxyslXTAB+EEpF0bZU4Ck1s9\n3IN9Pb4SWo0iO2PW4S2Gu9Y5dyMgJabD82NBzaXHnS7TPYSfmr/JaM7xyS4ohy85\n1yPgYBPf/+WyxafDvvf2TU5NAykG5t+nrp2JeQh6FvTdDSs+1w6NDgrBGqZvOXQX\nPJEOVoFSdeyR9wW0wfT8T0vSuWiIafJOWN+Eznf3RMB9M93pjb6kLHGl3BW0R4ar\nWlgEMR3T4fuc6PfOMoStUr/2QUHPQI4Fiq1gCjRcmE4jKMqmh/1fznSt3FpJs5lp\nQv0AAAc45L4aJeS+GiUAAAAHc3NoLXJzYQAAAgEA1GfvYa6eFxysgluCXyoWg9Qo\ne57sO5dqj5wFXhIjWzyh9fCS52/22fk0uq9lCDONOTGaTyfmM3FPTspC4DKoBijN\n4UUPHI47pz5yTprLcjNl7kE97Z4SsC2pZQNsig3YDkrLRm9+fgtaILsvKFQPnzgA\nbdFI7y7hm6hgEioWokBbwh4O90A9OOzPVbnqJJqS+nX5wZBomtEitOtjbgEi07OC\nkjv2iiGxhTBsSW/zc9Q+NSns8QZ561txuXNeap+k03iSBcBnn1iDZAZXm7Mhf2gJ\nWq+CkRrtDqxFsvtFVqfdfkRWMx+jiXA5rNk3LpqorxSMpyvIyIyE+qJg/ZiMCg4T\naawgEzevc9bENmIYFFmeYaM1/eQW2FpNA/yEboQRUnX3ID544qfyVfXsPxyslXTA\nB+EEpF0bZU4Ck1s93IN9Pb4SWo0iO2PW4S2Gu9Y5dyMgJabD82NBzaXHnS7TPYSf\nmr/JaM7xyS4ohy851yPgYBPf/+WyxafDvvf2TU5NAykG5t+nrp2JeQh6FvTdDSs+\n1w6NDgrBGqZvOXQXPJEOVoFSdeyR9wW0wfT8T0vSuWiIafJOWN+Eznf3RMB9M93p\njb6kLHGl3BW0R4arWlgEMR3T4fuc6PfOMoStUr/2QUHPQI4Fiq1gCjRcmE4jKMqm\nh/1fznSt3FpJs5lpQv0AAAADAQABAAACAQCXNztb/pW7/ITv9Tf2ih8nUSZVBApI\nTn7lqHzFwQH81Ui0r8XWEIbcHaeldHLoCNN0sVSbH9uqKfP9Ms+zjzzBzdDsnF6q\nxLPBWBrGzTsjnWXm3fm5rfy+AnQDXxGpozt6yVK4XW3fTDOo87oZ6uaIQrVDeWiE\nJ4skZxWmOOKONmVc6EtdSRWM7kKZVFdWIdmbh9v8KtPdzB/6T04lJZfmwXimpRva\nsSwRlyywh4v5nVOAQ83UtficTyjCj1jbbbZJex/yCk17SueXkVBTn46shqOKNUMu\nDM5R0OF6D5sIm097sijwEok5snTNEoNPoXmP04BjDy/NXwTY7jtAr5aZ0WmtSWaF\nU88o3zJgUOZ3gW+A1B3e0FaqQZC0QUSIPzEhhIGUJ4JoK36IRXKz4+61Z1kkBf/D\ngIWDSJ2QZfbBQhhryX9FvagRPRElPDKF5UHQyJ1rkKmisTMKg7NgBrNFjoQEH5k7\nIlVzuH84Gsw77YQqP8YVSSELmCnNZi5XC89bODnuWNsLlXAXfEvQdPdYgtSBTq30\nZ/NFk/TDMM+doaKGmZaY17SZlxNI99dG+YXt2F7oGz80tUM29DxPNi9PF/41w6Ru\nlWnOThrxxMmeEywGTUUX0UI2GuwoocM492/KGCOWIKY6CCM4FcWvohvEZFVAk4kk\nR9EWbyTIqkulnQAAAQEA61gRH9Hw93bfiSIB4qK7oD5qTua3aPzp40kCJZyKqUzw\nmTffXC/27OaDaAxer4uEPlpMGSs9yN+/WARFoCZvziqqMmKdsL1CjZz7lK2nveN2\nf9y5TgpP/t+0CWC/46yrOOaJk2yxxSbNfzNs6GvguyWszplLCEebFRlSOiz9rMoB\nydwy137aUCDm54YaiFcOoz5w9lPR6xIHUbTdgXHVNUZIXbnwD5vlUxtrYHQXuI5Y\n+3g5pkvCR06nUYTJq3CJhxLVOdwSZWIU27LYlPEJRVkDLaPrJxQ02waNaCz+yp1o\nLQUIVgMWNhEaEQdRFW5XkZ2vaHYaf7MVaeFbLmjWlgAAAQEA9qG0fNBbXP9cNwj5\nM3SM7NhjZhiZ235zNo7z3KzJxRu4pz/l3DBdHdQ3geg6YTnHHDsd9+vxyl0dSt2Q\nNUHEMdnYaCW8E5ZQ1HJ/ZxWlv8mL4iQvv+rPP9tqEmTpBveZ4/VmdDupRKyvfPen\nmQ4X8XP/KhOaMs+0kg3wXcllDcAvFBI2bmrsk97Liqk8kk6zpjbKVrJNWIi+y/5k\nDFtDgulUmrAsya7/U9YX7odXQOrQlXjFtF3LTyiV8bMI1X+iwzRWtpeagvkpLLcN\nKv4y5DIiDsWWJXXz0UJsk0+9OR7RcmmZrWdID1BZjhY3phQ1i2IZ1Jtt7HLgas93\ns+HjpwAAAQEA3Hlptnbtv/E5E0h6i6zOFzCAno60oPfO4u0t969tdkGsDwmdcAOI\nH9bHu85IrYqfY5VLoAYVWfccFA+2Vy3Tm56GL5T0TlVKLFozwUvhIqAEN3aic6f6\nHvIzc7SA0f+CwzT5ZVnWrNFBlPNOwAc472JupEc4V+LAASSupwQd4qKM/EwNnwdH\n3AHFWgYBa23rdqOsJ3HTw3TEIS+0MhW8Pjxm7f8HDnTk66tAi5l37PyTkAj7wDqM\nhNJiagNnioouqyctneenPRXGCxJ2d9D6f/OQffQzRoRpxHH0XK2d5WMGWm+FcHLV\nY4EV52ZMPxv07llj/N+z3d392V6oebdIuwAAAAAB\n-----END OPENSSH PRIVATE KEY-----\n",
            "private_key_pem": "-----BEGIN RSA PRIVATE KEY-----\nMIIJKgIBAAKCAgEA1GfvYa6eFxysgluCXyoWg9Qoe57sO5dqj5wFXhIjWzyh9fCS\n52/22fk0uq9lCDONOTGaTyfmM3FPTspC4DKoBijN4UUPHI47pz5yTprLcjNl7kE9\n7Z4SsC2pZQNsig3YDkrLRm9+fgtaILsvKFQPnzgAbdFI7y7hm6hgEioWokBbwh4O\n90A9OOzPVbnqJJqS+nX5wZBomtEitOtjbgEi07OCkjv2iiGxhTBsSW/zc9Q+NSns\n8QZ561txuXNeap+k03iSBcBnn1iDZAZXm7Mhf2gJWq+CkRrtDqxFsvtFVqfdfkRW\nMx+jiXA5rNk3LpqorxSMpyvIyIyE+qJg/ZiMCg4TaawgEzevc9bENmIYFFmeYaM1\n/eQW2FpNA/yEboQRUnX3ID544qfyVfXsPxyslXTAB+EEpF0bZU4Ck1s93IN9Pb4S\nWo0iO2PW4S2Gu9Y5dyMgJabD82NBzaXHnS7TPYSfmr/JaM7xyS4ohy851yPgYBPf\n/+WyxafDvvf2TU5NAykG5t+nrp2JeQh6FvTdDSs+1w6NDgrBGqZvOXQXPJEOVoFS\ndeyR9wW0wfT8T0vSuWiIafJOWN+Eznf3RMB9M93pjb6kLHGl3BW0R4arWlgEMR3T\n4fuc6PfOMoStUr/2QUHPQI4Fiq1gCjRcmE4jKMqmh/1fznSt3FpJs5lpQv0CAwEA\nAQKCAgEAlzc7W/6Vu/yE7/U39oofJ1EmVQQKSE5+5ah8xcEB/NVItK/F1hCG3B2n\npXRy6AjTdLFUmx/bqinz/TLPs488wc3Q7JxeqsSzwVgaxs07I51l5t35ua38vgJ0\nA18RqaM7eslSuF1t30wzqPO6GermiEK1Q3lohCeLJGcVpjjijjZlXOhLXUkVjO5C\nmVRXViHZm4fb/CrT3cwf+k9OJSWX5sF4pqUb2rEsEZcssIeL+Z1TgEPN1LX4nE8o\nwo9Y2222SXsf8gpNe0rnl5FQU5+OrIajijVDLgzOUdDheg+bCJtPe7Io8BKJObJ0\nzRKDT6F5j9OAYw8vzV8E2O47QK+WmdFprUlmhVPPKN8yYFDmd4FvgNQd3tBWqkGQ\ntEFEiD8xIYSBlCeCaCt+iEVys+PutWdZJAX/w4CFg0idkGX2wUIYa8l/Rb2oET0R\nJTwyheVB0Mida5CporEzCoOzYAazRY6EBB+ZOyJVc7h/OBrMO+2EKj/GFUkhC5gp\nzWYuVwvPWzg57ljbC5VwF3xL0HT3WILUgU6t9GfzRZP0wzDPnaGihpmWmNe0mZcT\nSPfXRvmF7dhe6Bs/NLVDNvQ8TzYvTxf+NcOkbpVpzk4a8cTJnhMsBk1FF9FCNhrs\nKKHDOPdvyhgjliCmOggjOBXFr6IbxGRVQJOJJEfRFm8kyKpLpZ0CggEBAPahtHzQ\nW1z/XDcI+TN0jOzYY2YYmdt+czaO89ysycUbuKc/5dwwXR3UN4HoOmE5xxw7Hffr\n8cpdHUrdkDVBxDHZ2GglvBOWUNRyf2cVpb/Ji+IkL7/qzz/bahJk6Qb3meP1ZnQ7\nqUSsr3z3p5kOF/Fz/yoTmjLPtJIN8F3JZQ3ALxQSNm5q7JPey4qpPJJOs6Y2ylay\nTViIvsv+ZAxbQ4LpVJqwLMmu/1PWF+6HV0Dq0JV4xbRdy08olfGzCNV/osM0VraX\nmoL5KSy3DSr+MuQyIg7FliV189FCbJNPvTke0XJpma1nSA9QWY4WN6YUNYtiGdSb\nbexy4GrPd7Ph46cCggEBANx5abZ27b/xORNIeouszhcwgJ6OtKD3zuLtLfevbXZB\nrA8JnXADiB/Wx7vOSK2Kn2OVS6AGFVn3HBQPtlct05uehi+U9E5VSixaM8FL4SKg\nBDd2onOn+h7yM3O0gNH/gsM0+WVZ1qzRQZTzTsAHOO9ibqRHOFfiwAEkrqcEHeKi\njPxMDZ8HR9wBxVoGAWtt63ajrCdx08N0xCEvtDIVvD48Zu3/Bw505OurQIuZd+z8\nk5AI+8A6jITSYmoDZ4qKLqsnLZ3npz0VxgsSdnfQ+n/zkH30M0aEacRx9FytneVj\nBlpvhXBy1WOBFedmTD8b9O5ZY/zfs93d/dleqHm3SLsCggEBAJrGUCYj+7IY7x36\nm6kW83mPMpHXznZYnKUYgSFzrgvsoa0UBIRyNX2KuGrl+f0Z7UJiNyRnBY4hcUiS\nUvWZGC7Qr2Zsh+Mi6gbo89sVUrdRHGAGpZCjIvzIDYENos+kgwbz8h/vcQKP/HFI\nWf1LQutcCD23n4VTo9YkuTuiL7C5ctH9u/r/TwhdQQ77te97RHKC3+gYbUGqT1Jl\nixPWEkANffK1rOXE1KcgLFScyr0Kn2uuJyRR2E0NA0xzNpAFUXd/WQutiGG5S4Ws\nOq9IZ1edvpHWnatUonYoYUrxN6apGHfcnXyc3DQAELOCbdnjxNZ78gnioNFKJlvh\nZxWUJPECggEAMm9Tz3nFSXNVKyQZZHpTatqdkafzih8mJKM9MLvgvnynb4kzirxE\nF4R6jGvUFF7xt0Yf1quNltcAhVZSz/6bua255IiemozIOv0necBx8AnK7SUmZG64\nuPuO6ZkRHvjkYONtadHzWfVEm15NVYBRdfF+ffYM3Y3xflF14p7+dynYNp7vPsHb\nnmiJTN6y1HCAvNMUPrG7T6sWcsEG564xMct/gFImuxfihkbWrRieZogg+YIUlRTP\nsFKwULAWr4qMwnpj5QtpJoAkncPLdf1IUJzXIPkMAcWorFelHs5YoHDWszlvvRmH\n1wtgh17PcmBi12N7jA1giBCQUXll8PIMoQKCAQEA61gRH9Hw93bfiSIB4qK7oD5q\nTua3aPzp40kCJZyKqUzwmTffXC/27OaDaAxer4uEPlpMGSs9yN+/WARFoCZvziqq\nMmKdsL1CjZz7lK2nveN2f9y5TgpP/t+0CWC/46yrOOaJk2yxxSbNfzNs6GvguyWs\nzplLCEebFRlSOiz9rMoBydwy137aUCDm54YaiFcOoz5w9lPR6xIHUbTdgXHVNUZI\nXbnwD5vlUxtrYHQXuI5Y+3g5pkvCR06nUYTJq3CJhxLVOdwSZWIU27LYlPEJRVkD\nLaPrJxQ02waNaCz+yp1oLQUIVgMWNhEaEQdRFW5XkZ2vaHYaf7MVaeFbLmjWlg==\n-----END RSA PRIVATE KEY-----\n",
            "private_key_pem_pkcs8": "-----BEGIN PRIVATE KEY-----\nMIIJRAIBADANBgkqhkiG9w0BAQEFAASCCS4wggkqAgEAAoICAQDUZ+9hrp4XHKyC\nW4JfKhaD1Ch7nuw7l2qPnAVeEiNbPKH18JLnb/bZ+TS6r2UIM405MZpPJ+YzcU9O\nykLgMqgGKM3hRQ8cjjunPnJOmstyM2XuQT3tnhKwLallA2yKDdgOSstGb35+C1og\nuy8oVA+fOABt0UjvLuGbqGASKhaiQFvCHg73QD047M9VueokmpL6dfnBkGia0SK0\n62NuASLTs4KSO/aKIbGFMGxJb/Nz1D41KezxBnnrW3G5c15qn6TTeJIFwGefWINk\nBlebsyF/aAlar4KRGu0OrEWy+0VWp91+RFYzH6OJcDms2TcumqivFIynK8jIjIT6\nomD9mIwKDhNprCATN69z1sQ2YhgUWZ5hozX95BbYWk0D/IRuhBFSdfcgPnjip/JV\n9ew/HKyVdMAH4QSkXRtlTgKTWz3cg309vhJajSI7Y9bhLYa71jl3IyAlpsPzY0HN\npcedLtM9hJ+av8lozvHJLiiHLznXI+BgE9//5bLFp8O+9/ZNTk0DKQbm36eunYl5\nCHoW9N0NKz7XDo0OCsEapm85dBc8kQ5WgVJ17JH3BbTB9PxPS9K5aIhp8k5Y34TO\nd/dEwH0z3emNvqQscaXcFbRHhqtaWAQxHdPh+5zo984yhK1Sv/ZBQc9AjgWKrWAK\nNFyYTiMoyqaH/V/OdK3cWkmzmWlC/QIDAQABAoICAQCXNztb/pW7/ITv9Tf2ih8n\nUSZVBApITn7lqHzFwQH81Ui0r8XWEIbcHaeldHLoCNN0sVSbH9uqKfP9Ms+zjzzB\nzdDsnF6qxLPBWBrGzTsjnWXm3fm5rfy+AnQDXxGpozt6yVK4XW3fTDOo87oZ6uaI\nQrVDeWiEJ4skZxWmOOKONmVc6EtdSRWM7kKZVFdWIdmbh9v8KtPdzB/6T04lJZfm\nwXimpRvasSwRlyywh4v5nVOAQ83UtficTyjCj1jbbbZJex/yCk17SueXkVBTn46s\nhqOKNUMuDM5R0OF6D5sIm097sijwEok5snTNEoNPoXmP04BjDy/NXwTY7jtAr5aZ\n0WmtSWaFU88o3zJgUOZ3gW+A1B3e0FaqQZC0QUSIPzEhhIGUJ4JoK36IRXKz4+61\nZ1kkBf/DgIWDSJ2QZfbBQhhryX9FvagRPRElPDKF5UHQyJ1rkKmisTMKg7NgBrNF\njoQEH5k7IlVzuH84Gsw77YQqP8YVSSELmCnNZi5XC89bODnuWNsLlXAXfEvQdPdY\ngtSBTq30Z/NFk/TDMM+doaKGmZaY17SZlxNI99dG+YXt2F7oGz80tUM29DxPNi9P\nF/41w6RulWnOThrxxMmeEywGTUUX0UI2GuwoocM492/KGCOWIKY6CCM4FcWvohvE\nZFVAk4kkR9EWbyTIqkulnQKCAQEA9qG0fNBbXP9cNwj5M3SM7NhjZhiZ235zNo7z\n3KzJxRu4pz/l3DBdHdQ3geg6YTnHHDsd9+vxyl0dSt2QNUHEMdnYaCW8E5ZQ1HJ/\nZxWlv8mL4iQvv+rPP9tqEmTpBveZ4/VmdDupRKyvfPenmQ4X8XP/KhOaMs+0kg3w\nXcllDcAvFBI2bmrsk97Liqk8kk6zpjbKVrJNWIi+y/5kDFtDgulUmrAsya7/U9YX\n7odXQOrQlXjFtF3LTyiV8bMI1X+iwzRWtpeagvkpLLcNKv4y5DIiDsWWJXXz0UJs\nk0+9OR7RcmmZrWdID1BZjhY3phQ1i2IZ1Jtt7HLgas93s+HjpwKCAQEA3Hlptnbt\nv/E5E0h6i6zOFzCAno60oPfO4u0t969tdkGsDwmdcAOIH9bHu85IrYqfY5VLoAYV\nWfccFA+2Vy3Tm56GL5T0TlVKLFozwUvhIqAEN3aic6f6HvIzc7SA0f+CwzT5ZVnW\nrNFBlPNOwAc472JupEc4V+LAASSupwQd4qKM/EwNnwdH3AHFWgYBa23rdqOsJ3HT\nw3TEIS+0MhW8Pjxm7f8HDnTk66tAi5l37PyTkAj7wDqMhNJiagNnioouqyctneen\nPRXGCxJ2d9D6f/OQffQzRoRpxHH0XK2d5WMGWm+FcHLVY4EV52ZMPxv07llj/N+z\n3d392V6oebdIuwKCAQEAmsZQJiP7shjvHfqbqRbzeY8ykdfOdlicpRiBIXOuC+yh\nrRQEhHI1fYq4auX5/RntQmI3JGcFjiFxSJJS9ZkYLtCvZmyH4yLqBujz2xVSt1Ec\nYAalkKMi/MgNgQ2iz6SDBvPyH+9xAo/8cUhZ/UtC61wIPbefhVOj1iS5O6IvsLly\n0f27+v9PCF1BDvu173tEcoLf6BhtQapPUmWLE9YSQA198rWs5cTUpyAsVJzKvQqf\na64nJFHYTQ0DTHM2kAVRd39ZC62IYblLhaw6r0hnV52+kdadq1SidihhSvE3pqkY\nd9ydfJzcNAAQs4Jt2ePE1nvyCeKg0UomW+FnFZQk8QKCAQAyb1PPecVJc1UrJBlk\nelNq2p2Rp/OKHyYkoz0wu+C+fKdviTOKvEQXhHqMa9QUXvG3Rh/Wq42W1wCFVlLP\n/pu5rbnkiJ6ajMg6/Sd5wHHwCcrtJSZkbri4+47pmREe+ORg421p0fNZ9USbXk1V\ngFF18X599gzdjfF+UXXinv53Kdg2nu8+wdueaIlM3rLUcIC80xQ+sbtPqxZywQbn\nrjExy3+AUia7F+KGRtatGJ5miCD5ghSVFM+wUrBQsBaviozCemPlC2kmgCSdw8t1\n/UhQnNcg+QwBxaisV6UezligcNazOW+9GYfXC2CHXs9yYGLXY3uMDWCIEJBReWXw\n8gyhAoIBAQDrWBEf0fD3dt+JIgHiorugPmpO5rdo/OnjSQIlnIqpTPCZN99cL/bs\n5oNoDF6vi4Q+WkwZKz3I379YBEWgJm/OKqoyYp2wvUKNnPuUrae943Z/3LlOCk/+\n37QJYL/jrKs45omTbLHFJs1/M2zoa+C7JazOmUsIR5sVGVI6LP2sygHJ3DLXftpQ\nIObnhhqIVw6jPnD2U9HrEgdRtN2BcdU1RkhdufAPm+VTG2tgdBe4jlj7eDmmS8JH\nTqdRhMmrcImHEtU53BJlYhTbstiU8QlFWQMto+snFDTbBo1oLP7KnWgtBQhWAxY2\nERoRB1EVbleRna9odhp/sxVp4VsuaNaW\n-----END PRIVATE KEY-----\n",
            "public_key_fingerprint_md5": "f4:82:53:9d:11:00:89:ce:6f:3b:df:c4:3b:83:90:cf",
            "public_key_fingerprint_sha256": "SHA256:Vuza2wArJOw8H1WxrskyLGD5yduCANzZkXANzmYB97E",
            "public_key_openssh": "ssh-rsa AAAAB3NzaC1yc2EAAAADAQABAAACAQDUZ+9hrp4XHKyCW4JfKhaD1Ch7nuw7l2qPnAVeEiNbPKH18JLnb/bZ+TS6r2UIM405MZpPJ+YzcU9OykLgMqgGKM3hRQ8cjjunPnJOmstyM2XuQT3tnhKwLallA2yKDdgOSstGb35+C1oguy8oVA+fOABt0UjvLuGbqGASKhaiQFvCHg73QD047M9VueokmpL6dfnBkGia0SK062NuASLTs4KSO/aKIbGFMGxJb/Nz1D41KezxBnnrW3G5c15qn6TTeJIFwGefWINkBlebsyF/aAlar4KRGu0OrEWy+0VWp91+RFYzH6OJcDms2TcumqivFIynK8jIjIT6omD9mIwKDhNprCATN69z1sQ2YhgUWZ5hozX95BbYWk0D/IRuhBFSdfcgPnjip/JV9ew/HKyVdMAH4QSkXRtlTgKTWz3cg309vhJajSI7Y9bhLYa71jl3IyAlpsPzY0HNpcedLtM9hJ+av8lozvHJLiiHLznXI+BgE9//5bLFp8O+9/ZNTk0DKQbm36eunYl5CHoW9N0NKz7XDo0OCsEapm85dBc8kQ5WgVJ17JH3BbTB9PxPS9K5aIhp8k5Y34TOd/dEwH0z3emNvqQscaXcFbRHhqtaWAQxHdPh+5zo984yhK1Sv/ZBQc9AjgWKrWAKNFyYTiMoyqaH/V/OdK3cWkmzmWlC/Q==\n",
            "public_key_pem": "-----BEGIN PUBLIC KEY-----\nMIICIjANBgkqhkiG9w0BAQEFAAOCAg8AMIICCgKCAgEA1GfvYa6eFxysgluCXyoW\ng9Qoe57sO5dqj5wFXhIjWzyh9fCS52/22fk0uq9lCDONOTGaTyfmM3FPTspC4DKo\nBijN4UUPHI47pz5yTprLcjNl7kE97Z4SsC2pZQNsig3YDkrLRm9+fgtaILsvKFQP\nnzgAbdFI7y7hm6hgEioWokBbwh4O90A9OOzPVbnqJJqS+nX5wZBomtEitOtjbgEi\n07OCkjv2iiGxhTBsSW/zc9Q+NSns8QZ561txuXNeap+k03iSBcBnn1iDZAZXm7Mh\nf2gJWq+CkRrtDqxFsvtFVqfdfkRWMx+jiXA5rNk3LpqorxSMpyvIyIyE+qJg/ZiM\nCg4TaawgEzevc9bENmIYFFmeYaM1/eQW2FpNA/yEboQRUnX3ID544qfyVfXsPxys\nlXTAB+EEpF0bZU4Ck1s93IN9Pb4SWo0iO2PW4S2Gu9Y5dyMgJabD82NBzaXHnS7T\nPYSfmr/JaM7xyS4ohy851yPgYBPf/+WyxafDvvf2TU5NAykG5t+nrp2JeQh6FvTd\nDSs+1w6NDgrBGqZvOXQXPJEOVoFSdeyR9wW0wfT8T0vSuWiIafJOWN+Eznf3RMB9\nM93pjb6kLHGl3BW0R4arWlgEMR3T4fuc6PfOMoStUr/2QUHPQI4Fiq1gCjRcmE4j\nKMqmh/1fznSt3FpJs5lpQv0CAwEAAQ==\n-----END PUBLIC KEY-----\n",
            "rsa_bits": 4096
          },
          "sensitive_attributes": []
        }
      ]
    }
  ],
  "check_results": null
}
